
Microsoft Visual Studio Solution File, Format Version 12.00
# Visual Studio Version 16
VisualStudioVersion = 16.0.29306.81
MinimumVisualStudioVersion = 10.0.40219.1
Project("{2150E333-8FDC-42A3-9474-1A3956D46DE8}") = "UnitTests", "UnitTests", "{2C78237A-45CE-46C6-94BA-773DB6E76F2E}"
EndProject
Project("{2150E333-8FDC-42A3-9474-1A3956D46DE8}") = "Database", "Database", "{7BD21E32-2FFF-4698-9150-C85725A5A0E6}"
EndProject
Project("{F184B08F-C81C-45F6-A57F-5ABD9991F28F}") = "Questify.Builder.Client", "Builder\Client\Questify.Builder.Client.vbproj", "{4D72156D-9847-4257-B8F9-E154EB379CA3}"
	ProjectSection(ProjectDependencies) = postProject
		{3D14EDE7-3B64-40AF-A2B1-AD1A43AF355F} = {3D14EDE7-3B64-40AF-A2B1-AD1A43AF355F}
	EndProjectSection
EndProject
Project("{F184B08F-C81C-45F6-A57F-5ABD9991F28F}") = "Questify.Builder.Configuration", "Builder\Configuration\Questify.Builder.Configuration.vbproj", "{D2B8DB3E-9AE4-4568-851B-CF8F030785C4}"
EndProject
Project("{F184B08F-C81C-45F6-A57F-5ABD9991F28F}") = "Questify.Builder.Model.ContentModel", "Builder\Model.ContentModel\Questify.Builder.Model.ContentModel.vbproj", "{A4A21CD0-3F23-4BE8-A859-9778CD5F6DE7}"
EndProject
Project("{F184B08F-C81C-45F6-A57F-5ABD9991F28F}") = "Questify.Builder.Model.ContentModel.DatabaseSpecific", "Builder\Model.ContentModel.DatabaseSpecific\Questify.Builder.Model.ContentModel.DatabaseSpecific.vbproj", "{A1AB6724-A8E0-4064-8F51-49BFB8EB8B31}"
EndProject
Project("{F184B08F-C81C-45F6-A57F-5ABD9991F28F}") = "Questify.Builder.Security", "Builder\Security\Questify.Builder.Security.vbproj", "{30B8E255-BB43-4F43-8DD1-387988E33AF3}"
EndProject
Project("{F184B08F-C81C-45F6-A57F-5ABD9991F28F}") = "Questify.Builder.UI", "Builder\UI\Questify.Builder.UI.vbproj", "{D35F44EC-B3C4-48DF-9BEC-76DA023B393A}"
EndProject
Project("{FAE04EC0-301F-11D3-BF4B-00C04F79EFBC}") = "Questify.Builder.Security.ActiveDirectory", "Builder\Security.ActiveDirectory\Questify.Builder.Security.ActiveDirectory.csproj", "{929DE55D-69B6-41CF-BBEB-12230210DAF3}"
EndProject
Project("{F184B08F-C81C-45F6-A57F-5ABD9991F28F}") = "Questify.Builder.Logic", "Builder\Logic\Questify.Builder.Logic.vbproj", "{C4AB026E-B1E2-4D1E-A857-4CA29BAA9981}"
EndProject
Project("{F184B08F-C81C-45F6-A57F-5ABD9991F28F}") = "Questify.Builder.UnitTests.Framework", "Builder\UnitTests.Framework\Questify.Builder.UnitTests.Framework.vbproj", "{CBC94D98-6C8E-476A-BEB9-F5C651752886}"
EndProject
Project("{F184B08F-C81C-45F6-A57F-5ABD9991F28F}") = "Questify.Builder.UnitTests.VB", "Builder\UnitTests.VB\Questify.Builder.UnitTests.VB.vbproj", "{83FD60F3-1ED1-4B21-8ADF-BD7A055B0420}"
EndProject
Project("{FAE04EC0-301F-11D3-BF4B-00C04F79EFBC}") = "Questify.Builder.UnitTests", "Builder\UnitTests\Questify.Builder.UnitTests.csproj", "{7B201AA5-E88E-45EA-94E9-117A2F44167B}"
EndProject
Project("{FAE04EC0-301F-11D3-BF4B-00C04F79EFBC}") = "Questify.Builder.Logic.Service", "Builder\Logic.Service\Questify.Builder.Logic.Service.csproj", "{885875BF-3E90-4B06-B1FB-A7883E54E391}"
EndProject
Project("{FAE04EC0-301F-11D3-BF4B-00C04F79EFBC}") = "Questify.Builder.Services.TasksService", "Builder\Services.TaskService\Questify.Builder.Services.TasksService.csproj", "{3D14EDE7-3B64-40AF-A2B1-AD1A43AF355F}"
EndProject
Project("{FAE04EC0-301F-11D3-BF4B-00C04F79EFBC}") = "Questify.Builder.Model.LlblGen.Proxy", "Builder\Model.LlblGen.Proxy\Questify.Builder.Model.LlblGen.Proxy.csproj", "{82D3535C-4F99-4F9B-B576-743961EA20C3}"
EndProject
Project("{00D1A9C2-B5F0-4AF3-8072-F6C62B433612}") = "QuestifyDatabaseSchema", "Builder\Database\QuestifyDatabaseSchema\QuestifyDatabaseSchema.sqlproj", "{B4C396C2-B65C-40B2-AD14-E8BD441240E3}"
EndProject
Project("{FAE04EC0-301F-11D3-BF4B-00C04F79EFBC}") = "Questify.Builder.UI.Wpf", "Builder\UI.Wpf\Questify.Builder.UI.Wpf.csproj", "{5786158C-19CC-4C3F-A19E-9F8948F9F69A}"
	ProjectSection(ProjectDependencies) = postProject
		{5A8877C6-D2C0-4561-BA59-7DD8384A9739} = {5A8877C6-D2C0-4561-BA59-7DD8384A9739}
	EndProjectSection
EndProject
Project("{2150E333-8FDC-42A3-9474-1A3956D46DE8}") = "Reports", "Reports", "{74CC04E6-AFFF-4266-B203-5741EA08B5BA}"
EndProject
Project("{F184B08F-C81C-45F6-A57F-5ABD9991F28F}") = "Questify.Builder.Plugins.Reports.Excel", "Builder\Plugins\Reports.Excel\Questify.Builder.Plugins.Reports.Excel.vbproj", "{39F2A27E-907F-46D3-B4E2-CB1CB5D716CA}"
EndProject
Project("{2150E333-8FDC-42A3-9474-1A3956D46DE8}") = "Datasources", "Datasources", "{1C1C13A1-3BD3-43A4-8AF0-B0DB7E0E2AE9}"
EndProject
Project("{F184B08F-C81C-45F6-A57F-5ABD9991F28F}") = "Questify.Builder.Plugins.DataSource.DynamicGroups", "Builder\Plugins\DataSource.DynamicGroups\Questify.Builder.Plugins.DataSource.DynamicGroups.vbproj", "{489F2820-4410-41D4-8C96-4F96CB707D57}"
EndProject
Project("{F184B08F-C81C-45F6-A57F-5ABD9991F28F}") = "Questify.Builder.Plugins.DataSource.StaticGroups", "Builder\Plugins\DataSource.StaticGroups\Questify.Builder.Plugins.DataSource.StaticGroups.vbproj", "{774D87AF-4EA6-4A9F-8CD6-066465D770AF}"
EndProject
Project("{FAE04EC0-301F-11D3-BF4B-00C04F79EFBC}") = "Cito.ItemViewer.AsyncPluggableProtocol", "Builder\Cito.ItemViewer.AsyncPluggableProtocol\Cito.ItemViewer.AsyncPluggableProtocol.csproj", "{C8641177-A9A2-4D02-839B-74DFBD67DEBB}"
EndProject
Project("{F184B08F-C81C-45F6-A57F-5ABD9991F28F}") = "Questify.Builder.Packaging", "Builder\Packaging\Questify.Builder.Packaging.vbproj", "{56C0D819-F3ED-48CE-8F1F-07E415103F46}"
EndProject
Project("{F184B08F-C81C-45F6-A57F-5ABD9991F28F}") = "Cito.Tester.Common", "Builder\Cito.Tester.Common\Cito.Tester.Common.vbproj", "{9A0BD8FE-D6F6-4CE5-9A0B-877610B00DEB}"
EndProject
Project("{F184B08F-C81C-45F6-A57F-5ABD9991F28F}") = "Cito.Tester.ContentModel", "Builder\Cito.Tester.ContentModel\Cito.Tester.ContentModel.vbproj", "{94EE8D6C-5C52-4F34-9E61-E407B3240004}"
EndProject
Project("{F184B08F-C81C-45F6-A57F-5ABD9991F28F}") = "Questify.Builder.Plugins.PaperBased", "Builder\Plugins\PaperBased\Questify.Builder.Plugins.PaperBased.vbproj", "{7A467241-C0C8-43D0-AE5B-22C606CB0CCF}"
EndProject
Project("{2150E333-8FDC-42A3-9474-1A3956D46DE8}") = "Client", "Client", "{1D297399-7C0A-46EA-A650-3668A9690773}"
EndProject
Project("{2150E333-8FDC-42A3-9474-1A3956D46DE8}") = "Server", "Server", "{86DBEEC9-7A4C-42F9-B942-54C42126487F}"
EndProject
Project("{2150E333-8FDC-42A3-9474-1A3956D46DE8}") = "Plugins", "Plugins", "{AFC2728B-7A95-4E11-BC09-FB5637D8178E}"
EndProject
Project("{2150E333-8FDC-42A3-9474-1A3956D46DE8}") = "Shared", "Shared", "{5D92CF20-0870-45B1-997A-2FA0AFDC1C8B}"
EndProject
Project("{FAE04EC0-301F-11D3-BF4B-00C04F79EFBC}") = "Questify.Builder.Services.PublicationService", "Publication\Services.PublicationService\Questify.Builder.Services.PublicationService.csproj", "{5A8877C6-D2C0-4561-BA59-7DD8384A9739}"
EndProject
Project("{F184B08F-C81C-45F6-A57F-5ABD9991F28F}") = "Questify.Builder.UnitTests.Publication", "Publication\UnitTests.Publication\Questify.Builder.UnitTests.Publication.vbproj", "{4937B123-E6BC-43CE-B1B6-2280043DD805}"
EndProject
Project("{9A19103F-16F7-4668-BE54-9A1E7A4F7556}") = "Questify.Builder.Services.Math", "Publication\Questify.Builder.Services.Math\Questify.Builder.Services.Math.csproj", "{A6404E9F-04C3-4FD7-BFAB-D20E8F6EFC24}"
EndProject
Project("{2150E333-8FDC-42A3-9474-1A3956D46DE8}") = "MathML", "MathML", "{89778C32-88CE-47FD-8B2B-95D7CE190442}"
EndProject
Project("{FAE04EC0-301F-11D3-BF4B-00C04F79EFBC}") = "Questify.Builder.Plugins.MathML.Default", "Builder\Plugins\MathML.Default\Questify.Builder.Plugins.MathML.Default.csproj", "{4EAED194-88C5-4EFB-AC35-81253AE840B6}"
EndProject
Project("{2150E333-8FDC-42A3-9474-1A3956D46DE8}") = "Documentation", "Documentation", "{4FA3288C-482C-4E4D-8EEA-F4611872247A}"
	ProjectSection(SolutionItems) = preProject
		Documentation\Components.md = Documentation\Components.md
		Documentation\Developer Guide.md = Documentation\Developer Guide.md
		Documentation\Getting Started.md = Documentation\Getting Started.md
		License.md = License.md
		Documentation\PlugIns.md = Documentation\PlugIns.md
		ReadMe.md = ReadMe.md
		Documentation\Templates.md = Documentation\Templates.md
		Documentation\Using Questify Builder.md = Documentation\Using Questify Builder.md
	EndProjectSection
EndProject
Project("{2150E333-8FDC-42A3-9474-1A3956D46DE8}") = "Pictures", "Pictures", "{94E44CD4-2724-4F3B-9A61-CC9B4CB11E14}"
	ProjectSection(SolutionItems) = preProject
		Documentation\Pictures\Component_diagram_QuestifyBuilder.png = Documentation\Pictures\Component_diagram_QuestifyBuilder.png
		Documentation\Pictures\Container_diagram_QuestifyBuilder.png = Documentation\Pictures\Container_diagram_QuestifyBuilder.png
		Documentation\Pictures\IIS_Features.png = Documentation\Pictures\IIS_Features.png
		Documentation\Pictures\Import.png = Documentation\Pictures\Import.png
		Documentation\Pictures\QuestifyBuilder_ItemEditor_ILT.Choice_sample.png = Documentation\Pictures\QuestifyBuilder_ItemEditor_ILT.Choice_sample.png
		Documentation\Pictures\QuestifyBuilder_ItemTab_Empty_BanksPane.png = Documentation\Pictures\QuestifyBuilder_ItemTab_Empty_BanksPane.png
		Documentation\Pictures\QuestifyBuilder_PublicationWizard_Validation.png = Documentation\Pictures\QuestifyBuilder_PublicationWizard_Validation.png
		Documentation\Pictures\QuestifyBuilder_TestEditor.png = Documentation\Pictures\QuestifyBuilder_TestEditor.png
		Documentation\Pictures\QuestifyBuilder_TestEditor_AddItem.png = Documentation\Pictures\QuestifyBuilder_TestEditor_AddItem.png
		Documentation\Pictures\QuestifyBuilder_TestEditor_AddTestPart.png = Documentation\Pictures\QuestifyBuilder_TestEditor_AddTestPart.png
		Documentation\Pictures\SQL_Mixed_mode.png = Documentation\Pictures\SQL_Mixed_mode.png
		Documentation\Pictures\System_Context_diagram_QuestifyBuilder.png = Documentation\Pictures\System_Context_diagram_QuestifyBuilder.png
		Documentation\Pictures\Turn_On_IIS.png = Documentation\Pictures\Turn_On_IIS.png
		Documentation\Pictures\WCF_HTTP_Activation.PNG = Documentation\Pictures\WCF_HTTP_Activation.PNG
	EndProjectSection
EndProject
Project("{FAE04EC0-301F-11D3-BF4B-00C04F79EFBC}") = "Questify.Builder.Plugins.QTI", "Builder\Plugins\QTI\Questify.Builder.Plugins.QTI\Questify.Builder.Plugins.QTI.csproj", "{3A73DC63-3314-41E3-BFA7-91A99071BAA3}"
EndProject
Project("{2150E333-8FDC-42A3-9474-1A3956D46DE8}") = "Aanlevering Open Source", "Aanlevering Open Source", "{A3A1E34E-4268-43CF-BB25-2F11E3E7805A}"
	ProjectSection(SolutionItems) = preProject
		Aanleveren Open Source\Draaiboekje.txt = Aanleveren Open Source\Draaiboekje.txt
	EndProjectSection
EndProject
Project("{2150E333-8FDC-42A3-9474-1A3956D46DE8}") = "Configs", "Configs", "{779FEA83-52C4-4C6D-9E8F-9B608F8512E1}"
EndProject
Project("{2150E333-8FDC-42A3-9474-1A3956D46DE8}") = "Builder.Client", "Builder.Client", "{933F46A9-0927-4512-B7B4-338B369BAF08}"
	ProjectSection(SolutionItems) = preProject
		Aanleveren Open Source\Configs\Client\app.config = Aanleveren Open Source\Configs\Client\app.config
	EndProjectSection
EndProject
Project("{2150E333-8FDC-42A3-9474-1A3956D46DE8}") = "Publication.Services.PublicationService", "Publication.Services.PublicationService", "{2A319AA1-BC73-490D-B171-5F9B8B535E62}"
	ProjectSection(SolutionItems) = preProject
		Aanleveren Open Source\Configs\PublicationService\Web.config = Aanleveren Open Source\Configs\PublicationService\Web.config
	EndProjectSection
EndProject
Project("{2150E333-8FDC-42A3-9474-1A3956D46DE8}") = "Builder.Services.TaskService", "Builder.Services.TaskService", "{7D5BAC2A-E051-4065-8C16-049625B809D5}"
	ProjectSection(SolutionItems) = preProject
		Aanleveren Open Source\Configs\TaskService\Web.config = Aanleveren Open Source\Configs\TaskService\Web.config
	EndProjectSection
EndProject
Project("{2150E333-8FDC-42A3-9474-1A3956D46DE8}") = "Builder.Model.ContentModel.DatabaseSpecific", "Builder.Model.ContentModel.DatabaseSpecific", "{F51D5EB6-D1C4-417A-9416-5330BF81CCFE}"
	ProjectSection(SolutionItems) = preProject
		Aanleveren Open Source\Configs\ContentModel.DatabaseSpecific\App.config = Aanleveren Open Source\Configs\ContentModel.DatabaseSpecific\App.config
	EndProjectSection
EndProject
Project("{2150E333-8FDC-42A3-9474-1A3956D46DE8}") = "Database", "Database", "{9F3E79D7-4333-47BD-B59A-369898A4EE86}"
	ProjectSection(SolutionItems) = preProject
		Aanleveren Open Source\Database\Script.PostDeployment.sql = Aanleveren Open Source\Database\Script.PostDeployment.sql
	EndProjectSection
EndProject
Project("{2150E333-8FDC-42A3-9474-1A3956D46DE8}") = "StaticData", "StaticData", "{7461991C-32B3-44DE-A984-C7B7370D6B99}"
	ProjectSection(SolutionItems) = preProject
		Aanleveren Open Source\Database\StaticData\Populate_Action_Data.sql = Aanleveren Open Source\Database\StaticData\Populate_Action_Data.sql
		Aanleveren Open Source\Database\StaticData\Populate_Bank_Data.sql = Aanleveren Open Source\Database\StaticData\Populate_Bank_Data.sql
		Aanleveren Open Source\Database\StaticData\Populate_ConceptType_Data.sql = Aanleveren Open Source\Database\StaticData\Populate_ConceptType_Data.sql
		Aanleveren Open Source\Database\StaticData\Populate_Permission_Data.sql = Aanleveren Open Source\Database\StaticData\Populate_Permission_Data.sql
		Aanleveren Open Source\Database\StaticData\Populate_PermissionTarget_Data.sql = Aanleveren Open Source\Database\StaticData\Populate_PermissionTarget_Data.sql
		Aanleveren Open Source\Database\StaticData\Populate_Role_Data.sql = Aanleveren Open Source\Database\StaticData\Populate_Role_Data.sql
		Aanleveren Open Source\Database\StaticData\Populate_RolePermission_Data.sql = Aanleveren Open Source\Database\StaticData\Populate_RolePermission_Data.sql
		Aanleveren Open Source\Database\StaticData\Populate_State_Data.sql = Aanleveren Open Source\Database\StaticData\Populate_State_Data.sql
		Aanleveren Open Source\Database\StaticData\Populate_StateAction_Data.sql = Aanleveren Open Source\Database\StaticData\Populate_StateAction_Data.sql
		Aanleveren Open Source\Database\StaticData\Populate_User_Data.sql = Aanleveren Open Source\Database\StaticData\Populate_User_Data.sql
		Aanleveren Open Source\Database\StaticData\Populate_UserApplicationRole_Data.sql = Aanleveren Open Source\Database\StaticData\Populate_UserApplicationRole_Data.sql
		Aanleveren Open Source\Database\StaticData\Populate_UserBankRole_Data.sql = Aanleveren Open Source\Database\StaticData\Populate_UserBankRole_Data.sql
	EndProjectSection
EndProject
Project("{2150E333-8FDC-42A3-9474-1A3956D46DE8}") = "Content", "Content", "{A5B3E6B4-1004-40C1-B9F2-FA1EB58A8E86}"
	ProjectSection(SolutionItems) = preProject
		Aanleveren Open Source\Content\OpenSource.export = Aanleveren Open Source\Content\OpenSource.export
	EndProjectSection
EndProject
Project("{2150E333-8FDC-42A3-9474-1A3956D46DE8}") = "Licenses", "Licenses", "{D08C5E1C-4A35-4190-BF1B-B1C7EE3BCB1B}"
	ProjectSection(SolutionItems) = preProject
		licenses\AjaxMin.html = licenses\AjaxMin.html
		licenses\ApplicationInsights.html = licenses\ApplicationInsights.html
		licenses\Cinch.html = licenses\Cinch.html
		licenses\ControlzEx.html = licenses\ControlzEx.html
		licenses\Extended.Wpf.Toolkit.html = licenses\Extended.Wpf.Toolkit.html
		licenses\FakeItEasy.html = licenses\FakeItEasy.html
		licenses\Fluent.Ribbon.html = licenses\Fluent.Ribbon.html
		licenses\FluentAssertions.html = licenses\FluentAssertions.html
		licenses\HtmlAgilityPack.html = licenses\HtmlAgilityPack.html
		licenses\HtmlToOpenXml.html = licenses\HtmlToOpenXml.html
		licenses\LLBLGen.html = licenses\LLBLGen.html
		licenses\Makarov.ExpandCollapsePanel.html = licenses\Makarov.ExpandCollapsePanel.html
		licenses\MathJax.html = licenses\MathJax.html
		licenses\MediaInfo.net.html = licenses\MediaInfo.net.html
		licenses\Microsoft.OData.txt = licenses\Microsoft.OData.txt
		licenses\NETStandard.Library.html = licenses\NETStandard.Library.html
		licenses\Newtonsoft.Json.html = licenses\Newtonsoft.Json.html
		licenses\NLog.html = licenses\NLog.html
		licenses\OpenSSL.html = licenses\OpenSSL.html
		licenses\OpenXml.SDK.html = licenses\OpenXml.SDK.html
		licenses\OpenXmlPowerTools.html = licenses\OpenXmlPowerTools.html
		licenses\RestSharpSigned.html = licenses\RestSharpSigned.html
		licenses\SimpleInjector.html = licenses\SimpleInjector.html
		licenses\Xilium.CefGlue.txt = licenses\Xilium.CefGlue.txt
	EndProjectSection
EndProject
Project("{F184B08F-C81C-45F6-A57F-5ABD9991F28F}") = "Questify.Builder.Plugins.Html.ComponentOne", "Builder\Plugins\Html.ComponentOne\Questify.Builder.Plugins.Html.ComponentOne.vbproj", "{C9B7022E-528B-461B-A4D8-70A63DEB10A2}"
EndProject
Project("{2150E333-8FDC-42A3-9474-1A3956D46DE8}") = "Html editors", "Html editors", "{5ACFFCD6-FA1D-43A9-A57D-328AE90EB19B}"
EndProject
Project("{FAE04EC0-301F-11D3-BF4B-00C04F79EFBC}") = "Questify.Builder.IoC", "Shared\Questify.Builder.IoC\Questify.Builder.IoC.csproj", "{63CE1DEE-458D-47A3-82FD-78E0132B536B}"
EndProject
Project("{F184B08F-C81C-45F6-A57F-5ABD9991F28F}") = "Questify.Builder.Unittests.Html.ComponentOne", "Builder\UnitTests.Html.ComponentOne\Questify.Builder.Unittests.Html.ComponentOne.vbproj", "{0D49AF72-B20A-46C5-907D-BF550B4FCBA2}"
EndProject
Global
	GlobalSection(SolutionConfigurationPlatforms) = preSolution
		Debug|.NET = Debug|.NET
		Debug|Any CPU = Debug|Any CPU
		Debug|Mixed Platforms = Debug|Mixed Platforms
		Debug|x64 = Debug|x64
		Debug|x86 = Debug|x86
		Release|.NET = Release|.NET
		Release|Any CPU = Release|Any CPU
		Release|Mixed Platforms = Release|Mixed Platforms
		Release|x64 = Release|x64
		Release|x86 = Release|x86
	EndGlobalSection
	GlobalSection(ProjectConfigurationPlatforms) = postSolution
		{4D72156D-9847-4257-B8F9-E154EB379CA3}.Debug|.NET.ActiveCfg = Debug|x86
		{4D72156D-9847-4257-B8F9-E154EB379CA3}.Debug|Any CPU.ActiveCfg = Debug|x86
		{4D72156D-9847-4257-B8F9-E154EB379CA3}.Debug|Any CPU.Build.0 = Debug|x86
		{4D72156D-9847-4257-B8F9-E154EB379CA3}.Debug|Mixed Platforms.ActiveCfg = Debug|x86
		{4D72156D-9847-4257-B8F9-E154EB379CA3}.Debug|Mixed Platforms.Build.0 = Debug|x86
		{4D72156D-9847-4257-B8F9-E154EB379CA3}.Debug|x64.ActiveCfg = Debug|x64
		{4D72156D-9847-4257-B8F9-E154EB379CA3}.Debug|x64.Build.0 = Debug|x64
		{4D72156D-9847-4257-B8F9-E154EB379CA3}.Debug|x86.ActiveCfg = Debug|x86
		{4D72156D-9847-4257-B8F9-E154EB379CA3}.Debug|x86.Build.0 = Debug|x86
		{4D72156D-9847-4257-B8F9-E154EB379CA3}.Release|.NET.ActiveCfg = Release|x86
		{4D72156D-9847-4257-B8F9-E154EB379CA3}.Release|Any CPU.ActiveCfg = Release|x86
		{4D72156D-9847-4257-B8F9-E154EB379CA3}.Release|Any CPU.Build.0 = Release|x86
		{4D72156D-9847-4257-B8F9-E154EB379CA3}.Release|Mixed Platforms.ActiveCfg = Release|x86
		{4D72156D-9847-4257-B8F9-E154EB379CA3}.Release|Mixed Platforms.Build.0 = Release|x86
		{4D72156D-9847-4257-B8F9-E154EB379CA3}.Release|x64.ActiveCfg = Release|Any CPU
		{4D72156D-9847-4257-B8F9-E154EB379CA3}.Release|x64.Build.0 = Release|Any CPU
		{4D72156D-9847-4257-B8F9-E154EB379CA3}.Release|x86.ActiveCfg = Release|x86
		{4D72156D-9847-4257-B8F9-E154EB379CA3}.Release|x86.Build.0 = Release|x86
		{D2B8DB3E-9AE4-4568-851B-CF8F030785C4}.Debug|.NET.ActiveCfg = Debug|x86
		{D2B8DB3E-9AE4-4568-851B-CF8F030785C4}.Debug|Any CPU.ActiveCfg = Debug|Any CPU
		{D2B8DB3E-9AE4-4568-851B-CF8F030785C4}.Debug|Any CPU.Build.0 = Debug|Any CPU
		{D2B8DB3E-9AE4-4568-851B-CF8F030785C4}.Debug|Mixed Platforms.ActiveCfg = Debug|x86
		{D2B8DB3E-9AE4-4568-851B-CF8F030785C4}.Debug|Mixed Platforms.Build.0 = Debug|x86
		{D2B8DB3E-9AE4-4568-851B-CF8F030785C4}.Debug|x64.ActiveCfg = Debug|Any CPU
		{D2B8DB3E-9AE4-4568-851B-CF8F030785C4}.Debug|x64.Build.0 = Debug|Any CPU
		{D2B8DB3E-9AE4-4568-851B-CF8F030785C4}.Debug|x86.ActiveCfg = Debug|x86
		{D2B8DB3E-9AE4-4568-851B-CF8F030785C4}.Debug|x86.Build.0 = Debug|x86
		{D2B8DB3E-9AE4-4568-851B-CF8F030785C4}.Release|.NET.ActiveCfg = Release|x86
		{D2B8DB3E-9AE4-4568-851B-CF8F030785C4}.Release|Any CPU.ActiveCfg = Release|Any CPU
		{D2B8DB3E-9AE4-4568-851B-CF8F030785C4}.Release|Any CPU.Build.0 = Release|Any CPU
		{D2B8DB3E-9AE4-4568-851B-CF8F030785C4}.Release|Mixed Platforms.ActiveCfg = Release|x86
		{D2B8DB3E-9AE4-4568-851B-CF8F030785C4}.Release|Mixed Platforms.Build.0 = Release|x86
		{D2B8DB3E-9AE4-4568-851B-CF8F030785C4}.Release|x64.ActiveCfg = Release|Any CPU
		{D2B8DB3E-9AE4-4568-851B-CF8F030785C4}.Release|x64.Build.0 = Release|Any CPU
		{D2B8DB3E-9AE4-4568-851B-CF8F030785C4}.Release|x86.ActiveCfg = Release|x86
		{D2B8DB3E-9AE4-4568-851B-CF8F030785C4}.Release|x86.Build.0 = Release|x86
		{A4A21CD0-3F23-4BE8-A859-9778CD5F6DE7}.Debug|.NET.ActiveCfg = Debug|x86
		{A4A21CD0-3F23-4BE8-A859-9778CD5F6DE7}.Debug|Any CPU.ActiveCfg = Debug|Any CPU
		{A4A21CD0-3F23-4BE8-A859-9778CD5F6DE7}.Debug|Any CPU.Build.0 = Debug|Any CPU
		{A4A21CD0-3F23-4BE8-A859-9778CD5F6DE7}.Debug|Mixed Platforms.ActiveCfg = Debug|x86
		{A4A21CD0-3F23-4BE8-A859-9778CD5F6DE7}.Debug|Mixed Platforms.Build.0 = Debug|x86
		{A4A21CD0-3F23-4BE8-A859-9778CD5F6DE7}.Debug|x64.ActiveCfg = Debug|Any CPU
		{A4A21CD0-3F23-4BE8-A859-9778CD5F6DE7}.Debug|x64.Build.0 = Debug|Any CPU
		{A4A21CD0-3F23-4BE8-A859-9778CD5F6DE7}.Debug|x86.ActiveCfg = Debug|x86
		{A4A21CD0-3F23-4BE8-A859-9778CD5F6DE7}.Debug|x86.Build.0 = Debug|x86
		{A4A21CD0-3F23-4BE8-A859-9778CD5F6DE7}.Release|.NET.ActiveCfg = Release|x86
		{A4A21CD0-3F23-4BE8-A859-9778CD5F6DE7}.Release|Any CPU.ActiveCfg = Release|Any CPU
		{A4A21CD0-3F23-4BE8-A859-9778CD5F6DE7}.Release|Any CPU.Build.0 = Release|Any CPU
		{A4A21CD0-3F23-4BE8-A859-9778CD5F6DE7}.Release|Mixed Platforms.ActiveCfg = Release|x86
		{A4A21CD0-3F23-4BE8-A859-9778CD5F6DE7}.Release|Mixed Platforms.Build.0 = Release|x86
		{A4A21CD0-3F23-4BE8-A859-9778CD5F6DE7}.Release|x64.ActiveCfg = Release|Any CPU
		{A4A21CD0-3F23-4BE8-A859-9778CD5F6DE7}.Release|x64.Build.0 = Release|Any CPU
		{A4A21CD0-3F23-4BE8-A859-9778CD5F6DE7}.Release|x86.ActiveCfg = Release|x86
		{A4A21CD0-3F23-4BE8-A859-9778CD5F6DE7}.Release|x86.Build.0 = Release|x86
		{A1AB6724-A8E0-4064-8F51-49BFB8EB8B31}.Debug|.NET.ActiveCfg = Debug|x86
		{A1AB6724-A8E0-4064-8F51-49BFB8EB8B31}.Debug|Any CPU.ActiveCfg = Debug|Any CPU
		{A1AB6724-A8E0-4064-8F51-49BFB8EB8B31}.Debug|Any CPU.Build.0 = Debug|Any CPU
		{A1AB6724-A8E0-4064-8F51-49BFB8EB8B31}.Debug|Mixed Platforms.ActiveCfg = Debug|x86
		{A1AB6724-A8E0-4064-8F51-49BFB8EB8B31}.Debug|Mixed Platforms.Build.0 = Debug|x86
		{A1AB6724-A8E0-4064-8F51-49BFB8EB8B31}.Debug|x64.ActiveCfg = Debug|Any CPU
		{A1AB6724-A8E0-4064-8F51-49BFB8EB8B31}.Debug|x64.Build.0 = Debug|Any CPU
		{A1AB6724-A8E0-4064-8F51-49BFB8EB8B31}.Debug|x86.ActiveCfg = Debug|x86
		{A1AB6724-A8E0-4064-8F51-49BFB8EB8B31}.Debug|x86.Build.0 = Debug|x86
		{A1AB6724-A8E0-4064-8F51-49BFB8EB8B31}.Release|.NET.ActiveCfg = Release|x86
		{A1AB6724-A8E0-4064-8F51-49BFB8EB8B31}.Release|Any CPU.ActiveCfg = Release|Any CPU
		{A1AB6724-A8E0-4064-8F51-49BFB8EB8B31}.Release|Any CPU.Build.0 = Release|Any CPU
		{A1AB6724-A8E0-4064-8F51-49BFB8EB8B31}.Release|Mixed Platforms.ActiveCfg = Release|x86
		{A1AB6724-A8E0-4064-8F51-49BFB8EB8B31}.Release|Mixed Platforms.Build.0 = Release|x86
		{A1AB6724-A8E0-4064-8F51-49BFB8EB8B31}.Release|x64.ActiveCfg = Release|Any CPU
		{A1AB6724-A8E0-4064-8F51-49BFB8EB8B31}.Release|x64.Build.0 = Release|Any CPU
		{A1AB6724-A8E0-4064-8F51-49BFB8EB8B31}.Release|x86.ActiveCfg = Release|x86
		{A1AB6724-A8E0-4064-8F51-49BFB8EB8B31}.Release|x86.Build.0 = Release|x86
		{30B8E255-BB43-4F43-8DD1-387988E33AF3}.Debug|.NET.ActiveCfg = Debug|x86
		{30B8E255-BB43-4F43-8DD1-387988E33AF3}.Debug|Any CPU.ActiveCfg = Debug|Any CPU
		{30B8E255-BB43-4F43-8DD1-387988E33AF3}.Debug|Any CPU.Build.0 = Debug|Any CPU
		{30B8E255-BB43-4F43-8DD1-387988E33AF3}.Debug|Mixed Platforms.ActiveCfg = Debug|x86
		{30B8E255-BB43-4F43-8DD1-387988E33AF3}.Debug|Mixed Platforms.Build.0 = Debug|x86
		{30B8E255-BB43-4F43-8DD1-387988E33AF3}.Debug|x64.ActiveCfg = Debug|Any CPU
		{30B8E255-BB43-4F43-8DD1-387988E33AF3}.Debug|x64.Build.0 = Debug|Any CPU
		{30B8E255-BB43-4F43-8DD1-387988E33AF3}.Debug|x86.ActiveCfg = Debug|x86
		{30B8E255-BB43-4F43-8DD1-387988E33AF3}.Debug|x86.Build.0 = Debug|x86
		{30B8E255-BB43-4F43-8DD1-387988E33AF3}.Release|.NET.ActiveCfg = Release|x86
		{30B8E255-BB43-4F43-8DD1-387988E33AF3}.Release|Any CPU.ActiveCfg = Release|Any CPU
		{30B8E255-BB43-4F43-8DD1-387988E33AF3}.Release|Any CPU.Build.0 = Release|Any CPU
		{30B8E255-BB43-4F43-8DD1-387988E33AF3}.Release|Mixed Platforms.ActiveCfg = Release|x86
		{30B8E255-BB43-4F43-8DD1-387988E33AF3}.Release|Mixed Platforms.Build.0 = Release|x86
		{30B8E255-BB43-4F43-8DD1-387988E33AF3}.Release|x64.ActiveCfg = Release|Any CPU
		{30B8E255-BB43-4F43-8DD1-387988E33AF3}.Release|x64.Build.0 = Release|Any CPU
		{30B8E255-BB43-4F43-8DD1-387988E33AF3}.Release|x86.ActiveCfg = Release|x86
		{30B8E255-BB43-4F43-8DD1-387988E33AF3}.Release|x86.Build.0 = Release|x86
		{D35F44EC-B3C4-48DF-9BEC-76DA023B393A}.Debug|.NET.ActiveCfg = Debug|x86
		{D35F44EC-B3C4-48DF-9BEC-76DA023B393A}.Debug|Any CPU.ActiveCfg = Debug|Any CPU
		{D35F44EC-B3C4-48DF-9BEC-76DA023B393A}.Debug|Any CPU.Build.0 = Debug|Any CPU
		{D35F44EC-B3C4-48DF-9BEC-76DA023B393A}.Debug|Mixed Platforms.ActiveCfg = Debug|x86
		{D35F44EC-B3C4-48DF-9BEC-76DA023B393A}.Debug|Mixed Platforms.Build.0 = Debug|x86
		{D35F44EC-B3C4-48DF-9BEC-76DA023B393A}.Debug|x64.ActiveCfg = Debug|Any CPU
		{D35F44EC-B3C4-48DF-9BEC-76DA023B393A}.Debug|x64.Build.0 = Debug|Any CPU
		{D35F44EC-B3C4-48DF-9BEC-76DA023B393A}.Debug|x86.ActiveCfg = Debug|x86
		{D35F44EC-B3C4-48DF-9BEC-76DA023B393A}.Debug|x86.Build.0 = Debug|x86
		{D35F44EC-B3C4-48DF-9BEC-76DA023B393A}.Release|.NET.ActiveCfg = Release|x86
		{D35F44EC-B3C4-48DF-9BEC-76DA023B393A}.Release|Any CPU.ActiveCfg = Release|Any CPU
		{D35F44EC-B3C4-48DF-9BEC-76DA023B393A}.Release|Any CPU.Build.0 = Release|Any CPU
		{D35F44EC-B3C4-48DF-9BEC-76DA023B393A}.Release|Mixed Platforms.ActiveCfg = Release|x86
		{D35F44EC-B3C4-48DF-9BEC-76DA023B393A}.Release|Mixed Platforms.Build.0 = Release|x86
		{D35F44EC-B3C4-48DF-9BEC-76DA023B393A}.Release|x64.ActiveCfg = Release|Any CPU
		{D35F44EC-B3C4-48DF-9BEC-76DA023B393A}.Release|x64.Build.0 = Release|Any CPU
		{D35F44EC-B3C4-48DF-9BEC-76DA023B393A}.Release|x86.ActiveCfg = Release|x86
		{D35F44EC-B3C4-48DF-9BEC-76DA023B393A}.Release|x86.Build.0 = Release|x86
		{929DE55D-69B6-41CF-BBEB-12230210DAF3}.Debug|.NET.ActiveCfg = Debug|x86
		{929DE55D-69B6-41CF-BBEB-12230210DAF3}.Debug|Any CPU.ActiveCfg = Debug|Any CPU
		{929DE55D-69B6-41CF-BBEB-12230210DAF3}.Debug|Any CPU.Build.0 = Debug|Any CPU
		{929DE55D-69B6-41CF-BBEB-12230210DAF3}.Debug|Mixed Platforms.ActiveCfg = Debug|x86
		{929DE55D-69B6-41CF-BBEB-12230210DAF3}.Debug|Mixed Platforms.Build.0 = Debug|x86
		{929DE55D-69B6-41CF-BBEB-12230210DAF3}.Debug|x64.ActiveCfg = Debug|Any CPU
		{929DE55D-69B6-41CF-BBEB-12230210DAF3}.Debug|x64.Build.0 = Debug|Any CPU
		{929DE55D-69B6-41CF-BBEB-12230210DAF3}.Debug|x86.ActiveCfg = Debug|x86
		{929DE55D-69B6-41CF-BBEB-12230210DAF3}.Debug|x86.Build.0 = Debug|x86
		{929DE55D-69B6-41CF-BBEB-12230210DAF3}.Release|.NET.ActiveCfg = Release|x86
		{929DE55D-69B6-41CF-BBEB-12230210DAF3}.Release|Any CPU.ActiveCfg = Release|Any CPU
		{929DE55D-69B6-41CF-BBEB-12230210DAF3}.Release|Any CPU.Build.0 = Release|Any CPU
		{929DE55D-69B6-41CF-BBEB-12230210DAF3}.Release|Mixed Platforms.ActiveCfg = Release|x86
		{929DE55D-69B6-41CF-BBEB-12230210DAF3}.Release|Mixed Platforms.Build.0 = Release|x86
		{929DE55D-69B6-41CF-BBEB-12230210DAF3}.Release|x64.ActiveCfg = Release|Any CPU
		{929DE55D-69B6-41CF-BBEB-12230210DAF3}.Release|x64.Build.0 = Release|Any CPU
		{929DE55D-69B6-41CF-BBEB-12230210DAF3}.Release|x86.ActiveCfg = Release|x86
		{929DE55D-69B6-41CF-BBEB-12230210DAF3}.Release|x86.Build.0 = Release|x86
		{C4AB026E-B1E2-4D1E-A857-4CA29BAA9981}.Debug|.NET.ActiveCfg = Debug|x86
		{C4AB026E-B1E2-4D1E-A857-4CA29BAA9981}.Debug|Any CPU.ActiveCfg = Debug|Any CPU
		{C4AB026E-B1E2-4D1E-A857-4CA29BAA9981}.Debug|Any CPU.Build.0 = Debug|Any CPU
		{C4AB026E-B1E2-4D1E-A857-4CA29BAA9981}.Debug|Mixed Platforms.ActiveCfg = Debug|x86
		{C4AB026E-B1E2-4D1E-A857-4CA29BAA9981}.Debug|Mixed Platforms.Build.0 = Debug|x86
		{C4AB026E-B1E2-4D1E-A857-4CA29BAA9981}.Debug|x64.ActiveCfg = Debug|Any CPU
		{C4AB026E-B1E2-4D1E-A857-4CA29BAA9981}.Debug|x64.Build.0 = Debug|Any CPU
		{C4AB026E-B1E2-4D1E-A857-4CA29BAA9981}.Debug|x86.ActiveCfg = Debug|x86
		{C4AB026E-B1E2-4D1E-A857-4CA29BAA9981}.Debug|x86.Build.0 = Debug|x86
		{C4AB026E-B1E2-4D1E-A857-4CA29BAA9981}.Release|.NET.ActiveCfg = Release|x86
		{C4AB026E-B1E2-4D1E-A857-4CA29BAA9981}.Release|Any CPU.ActiveCfg = Release|Any CPU
		{C4AB026E-B1E2-4D1E-A857-4CA29BAA9981}.Release|Any CPU.Build.0 = Release|Any CPU
		{C4AB026E-B1E2-4D1E-A857-4CA29BAA9981}.Release|Mixed Platforms.ActiveCfg = Release|x86
		{C4AB026E-B1E2-4D1E-A857-4CA29BAA9981}.Release|Mixed Platforms.Build.0 = Release|x86
		{C4AB026E-B1E2-4D1E-A857-4CA29BAA9981}.Release|x64.ActiveCfg = Release|Any CPU
		{C4AB026E-B1E2-4D1E-A857-4CA29BAA9981}.Release|x64.Build.0 = Release|Any CPU
		{C4AB026E-B1E2-4D1E-A857-4CA29BAA9981}.Release|x86.ActiveCfg = Release|x86
		{C4AB026E-B1E2-4D1E-A857-4CA29BAA9981}.Release|x86.Build.0 = Release|x86
		{CBC94D98-6C8E-476A-BEB9-F5C651752886}.Debug|.NET.ActiveCfg = Debug|Any CPU
		{CBC94D98-6C8E-476A-BEB9-F5C651752886}.Debug|Any CPU.ActiveCfg = Debug|Any CPU
		{CBC94D98-6C8E-476A-BEB9-F5C651752886}.Debug|Any CPU.Build.0 = Debug|Any CPU
		{CBC94D98-6C8E-476A-BEB9-F5C651752886}.Debug|Mixed Platforms.ActiveCfg = Debug|x86
		{CBC94D98-6C8E-476A-BEB9-F5C651752886}.Debug|Mixed Platforms.Build.0 = Debug|x86
		{CBC94D98-6C8E-476A-BEB9-F5C651752886}.Debug|x64.ActiveCfg = Debug|Any CPU
		{CBC94D98-6C8E-476A-BEB9-F5C651752886}.Debug|x64.Build.0 = Debug|Any CPU
		{CBC94D98-6C8E-476A-BEB9-F5C651752886}.Debug|x86.ActiveCfg = Debug|x86
		{CBC94D98-6C8E-476A-BEB9-F5C651752886}.Debug|x86.Build.0 = Debug|x86
		{CBC94D98-6C8E-476A-BEB9-F5C651752886}.Release|.NET.ActiveCfg = Release|Any CPU
		{CBC94D98-6C8E-476A-BEB9-F5C651752886}.Release|Any CPU.ActiveCfg = Release|Any CPU
		{CBC94D98-6C8E-476A-BEB9-F5C651752886}.Release|Any CPU.Build.0 = Release|Any CPU
		{CBC94D98-6C8E-476A-BEB9-F5C651752886}.Release|Mixed Platforms.ActiveCfg = Release|Any CPU
		{CBC94D98-6C8E-476A-BEB9-F5C651752886}.Release|Mixed Platforms.Build.0 = Release|Any CPU
		{CBC94D98-6C8E-476A-BEB9-F5C651752886}.Release|x64.ActiveCfg = Release|Any CPU
		{CBC94D98-6C8E-476A-BEB9-F5C651752886}.Release|x64.Build.0 = Release|Any CPU
		{CBC94D98-6C8E-476A-BEB9-F5C651752886}.Release|x86.ActiveCfg = Release|x86
		{CBC94D98-6C8E-476A-BEB9-F5C651752886}.Release|x86.Build.0 = Release|x86
		{83FD60F3-1ED1-4B21-8ADF-BD7A055B0420}.Debug|.NET.ActiveCfg = Debug|x86
		{83FD60F3-1ED1-4B21-8ADF-BD7A055B0420}.Debug|Any CPU.ActiveCfg = Debug|Any CPU
		{83FD60F3-1ED1-4B21-8ADF-BD7A055B0420}.Debug|Any CPU.Build.0 = Debug|Any CPU
		{83FD60F3-1ED1-4B21-8ADF-BD7A055B0420}.Debug|Mixed Platforms.ActiveCfg = Debug|x86
		{83FD60F3-1ED1-4B21-8ADF-BD7A055B0420}.Debug|Mixed Platforms.Build.0 = Debug|x86
		{83FD60F3-1ED1-4B21-8ADF-BD7A055B0420}.Debug|x64.ActiveCfg = Debug|Any CPU
		{83FD60F3-1ED1-4B21-8ADF-BD7A055B0420}.Debug|x64.Build.0 = Debug|Any CPU
		{83FD60F3-1ED1-4B21-8ADF-BD7A055B0420}.Debug|x86.ActiveCfg = Debug|x86
		{83FD60F3-1ED1-4B21-8ADF-BD7A055B0420}.Debug|x86.Build.0 = Debug|x86
		{83FD60F3-1ED1-4B21-8ADF-BD7A055B0420}.Release|.NET.ActiveCfg = Release|x86
		{83FD60F3-1ED1-4B21-8ADF-BD7A055B0420}.Release|Any CPU.ActiveCfg = Release|Any CPU
		{83FD60F3-1ED1-4B21-8ADF-BD7A055B0420}.Release|Any CPU.Build.0 = Release|Any CPU
		{83FD60F3-1ED1-4B21-8ADF-BD7A055B0420}.Release|Mixed Platforms.ActiveCfg = Release|x86
		{83FD60F3-1ED1-4B21-8ADF-BD7A055B0420}.Release|Mixed Platforms.Build.0 = Release|x86
		{83FD60F3-1ED1-4B21-8ADF-BD7A055B0420}.Release|x64.ActiveCfg = Release|Any CPU
		{83FD60F3-1ED1-4B21-8ADF-BD7A055B0420}.Release|x64.Build.0 = Release|Any CPU
		{83FD60F3-1ED1-4B21-8ADF-BD7A055B0420}.Release|x86.ActiveCfg = Release|x86
		{83FD60F3-1ED1-4B21-8ADF-BD7A055B0420}.Release|x86.Build.0 = Release|x86
		{7B201AA5-E88E-45EA-94E9-117A2F44167B}.Debug|.NET.ActiveCfg = Debug|Any CPU
		{7B201AA5-E88E-45EA-94E9-117A2F44167B}.Debug|Any CPU.ActiveCfg = Debug|Any CPU
		{7B201AA5-E88E-45EA-94E9-117A2F44167B}.Debug|Any CPU.Build.0 = Debug|Any CPU
		{7B201AA5-E88E-45EA-94E9-117A2F44167B}.Debug|Mixed Platforms.ActiveCfg = Debug|x86
		{7B201AA5-E88E-45EA-94E9-117A2F44167B}.Debug|Mixed Platforms.Build.0 = Debug|x86
		{7B201AA5-E88E-45EA-94E9-117A2F44167B}.Debug|x64.ActiveCfg = Debug|Any CPU
		{7B201AA5-E88E-45EA-94E9-117A2F44167B}.Debug|x64.Build.0 = Debug|Any CPU
		{7B201AA5-E88E-45EA-94E9-117A2F44167B}.Debug|x86.ActiveCfg = Debug|x86
		{7B201AA5-E88E-45EA-94E9-117A2F44167B}.Debug|x86.Build.0 = Debug|x86
		{7B201AA5-E88E-45EA-94E9-117A2F44167B}.Release|.NET.ActiveCfg = Release|Any CPU
		{7B201AA5-E88E-45EA-94E9-117A2F44167B}.Release|Any CPU.ActiveCfg = Release|Any CPU
		{7B201AA5-E88E-45EA-94E9-117A2F44167B}.Release|Any CPU.Build.0 = Release|Any CPU
		{7B201AA5-E88E-45EA-94E9-117A2F44167B}.Release|Mixed Platforms.ActiveCfg = Release|Any CPU
		{7B201AA5-E88E-45EA-94E9-117A2F44167B}.Release|Mixed Platforms.Build.0 = Release|Any CPU
		{7B201AA5-E88E-45EA-94E9-117A2F44167B}.Release|x64.ActiveCfg = Release|Any CPU
		{7B201AA5-E88E-45EA-94E9-117A2F44167B}.Release|x64.Build.0 = Release|Any CPU
		{7B201AA5-E88E-45EA-94E9-117A2F44167B}.Release|x86.ActiveCfg = Release|x86
		{7B201AA5-E88E-45EA-94E9-117A2F44167B}.Release|x86.Build.0 = Release|x86
		{885875BF-3E90-4B06-B1FB-A7883E54E391}.Debug|.NET.ActiveCfg = Debug|Any CPU
		{885875BF-3E90-4B06-B1FB-A7883E54E391}.Debug|Any CPU.ActiveCfg = Debug|Any CPU
		{885875BF-3E90-4B06-B1FB-A7883E54E391}.Debug|Any CPU.Build.0 = Debug|Any CPU
		{885875BF-3E90-4B06-B1FB-A7883E54E391}.Debug|Mixed Platforms.ActiveCfg = Debug|x86
		{885875BF-3E90-4B06-B1FB-A7883E54E391}.Debug|Mixed Platforms.Build.0 = Debug|x86
		{885875BF-3E90-4B06-B1FB-A7883E54E391}.Debug|x64.ActiveCfg = Debug|Any CPU
		{885875BF-3E90-4B06-B1FB-A7883E54E391}.Debug|x64.Build.0 = Debug|Any CPU
		{885875BF-3E90-4B06-B1FB-A7883E54E391}.Debug|x86.ActiveCfg = Debug|x86
		{885875BF-3E90-4B06-B1FB-A7883E54E391}.Debug|x86.Build.0 = Debug|x86
		{885875BF-3E90-4B06-B1FB-A7883E54E391}.Release|.NET.ActiveCfg = Release|Any CPU
		{885875BF-3E90-4B06-B1FB-A7883E54E391}.Release|Any CPU.ActiveCfg = Release|Any CPU
		{885875BF-3E90-4B06-B1FB-A7883E54E391}.Release|Any CPU.Build.0 = Release|Any CPU
		{885875BF-3E90-4B06-B1FB-A7883E54E391}.Release|Mixed Platforms.ActiveCfg = Release|Any CPU
		{885875BF-3E90-4B06-B1FB-A7883E54E391}.Release|Mixed Platforms.Build.0 = Release|Any CPU
		{885875BF-3E90-4B06-B1FB-A7883E54E391}.Release|x64.ActiveCfg = Release|Any CPU
		{885875BF-3E90-4B06-B1FB-A7883E54E391}.Release|x64.Build.0 = Release|Any CPU
		{885875BF-3E90-4B06-B1FB-A7883E54E391}.Release|x86.ActiveCfg = Release|x86
		{885875BF-3E90-4B06-B1FB-A7883E54E391}.Release|x86.Build.0 = Release|x86
		{3D14EDE7-3B64-40AF-A2B1-AD1A43AF355F}.Debug|.NET.ActiveCfg = Debug|Any CPU
		{3D14EDE7-3B64-40AF-A2B1-AD1A43AF355F}.Debug|Any CPU.ActiveCfg = Debug|Any CPU
		{3D14EDE7-3B64-40AF-A2B1-AD1A43AF355F}.Debug|Any CPU.Build.0 = Debug|Any CPU
		{3D14EDE7-3B64-40AF-A2B1-AD1A43AF355F}.Debug|Mixed Platforms.ActiveCfg = Debug|x86
		{3D14EDE7-3B64-40AF-A2B1-AD1A43AF355F}.Debug|Mixed Platforms.Build.0 = Debug|x86
		{3D14EDE7-3B64-40AF-A2B1-AD1A43AF355F}.Debug|x64.ActiveCfg = Debug|Any CPU
		{3D14EDE7-3B64-40AF-A2B1-AD1A43AF355F}.Debug|x64.Build.0 = Debug|Any CPU
		{3D14EDE7-3B64-40AF-A2B1-AD1A43AF355F}.Debug|x86.ActiveCfg = Debug|x86
		{3D14EDE7-3B64-40AF-A2B1-AD1A43AF355F}.Debug|x86.Build.0 = Debug|x86
		{3D14EDE7-3B64-40AF-A2B1-AD1A43AF355F}.Release|.NET.ActiveCfg = Release|Any CPU
		{3D14EDE7-3B64-40AF-A2B1-AD1A43AF355F}.Release|Any CPU.ActiveCfg = Release|Any CPU
		{3D14EDE7-3B64-40AF-A2B1-AD1A43AF355F}.Release|Any CPU.Build.0 = Release|Any CPU
		{3D14EDE7-3B64-40AF-A2B1-AD1A43AF355F}.Release|Mixed Platforms.ActiveCfg = Release|x86
		{3D14EDE7-3B64-40AF-A2B1-AD1A43AF355F}.Release|Mixed Platforms.Build.0 = Release|x86
		{3D14EDE7-3B64-40AF-A2B1-AD1A43AF355F}.Release|x64.ActiveCfg = Release|Any CPU
		{3D14EDE7-3B64-40AF-A2B1-AD1A43AF355F}.Release|x64.Build.0 = Release|Any CPU
		{3D14EDE7-3B64-40AF-A2B1-AD1A43AF355F}.Release|x86.ActiveCfg = Release|x86
		{3D14EDE7-3B64-40AF-A2B1-AD1A43AF355F}.Release|x86.Build.0 = Release|x86
		{82D3535C-4F99-4F9B-B576-743961EA20C3}.Debug|.NET.ActiveCfg = Debug|Any CPU
		{82D3535C-4F99-4F9B-B576-743961EA20C3}.Debug|Any CPU.ActiveCfg = Debug|Any CPU
		{82D3535C-4F99-4F9B-B576-743961EA20C3}.Debug|Any CPU.Build.0 = Debug|Any CPU
		{82D3535C-4F99-4F9B-B576-743961EA20C3}.Debug|Mixed Platforms.ActiveCfg = Debug|x86
		{82D3535C-4F99-4F9B-B576-743961EA20C3}.Debug|Mixed Platforms.Build.0 = Debug|x86
		{82D3535C-4F99-4F9B-B576-743961EA20C3}.Debug|x64.ActiveCfg = Debug|Any CPU
		{82D3535C-4F99-4F9B-B576-743961EA20C3}.Debug|x64.Build.0 = Debug|Any CPU
		{82D3535C-4F99-4F9B-B576-743961EA20C3}.Debug|x86.ActiveCfg = Debug|x86
		{82D3535C-4F99-4F9B-B576-743961EA20C3}.Debug|x86.Build.0 = Debug|x86
		{82D3535C-4F99-4F9B-B576-743961EA20C3}.Release|.NET.ActiveCfg = Release|Any CPU
		{82D3535C-4F99-4F9B-B576-743961EA20C3}.Release|Any CPU.ActiveCfg = Release|Any CPU
		{82D3535C-4F99-4F9B-B576-743961EA20C3}.Release|Any CPU.Build.0 = Release|Any CPU
		{82D3535C-4F99-4F9B-B576-743961EA20C3}.Release|Mixed Platforms.ActiveCfg = Release|Any CPU
		{82D3535C-4F99-4F9B-B576-743961EA20C3}.Release|Mixed Platforms.Build.0 = Release|Any CPU
		{82D3535C-4F99-4F9B-B576-743961EA20C3}.Release|x64.ActiveCfg = Release|Any CPU
		{82D3535C-4F99-4F9B-B576-743961EA20C3}.Release|x64.Build.0 = Release|Any CPU
		{82D3535C-4F99-4F9B-B576-743961EA20C3}.Release|x86.ActiveCfg = Release|x86
		{82D3535C-4F99-4F9B-B576-743961EA20C3}.Release|x86.Build.0 = Release|x86
		{B4C396C2-B65C-40B2-AD14-E8BD441240E3}.Debug|.NET.ActiveCfg = Debug|Any CPU
		{B4C396C2-B65C-40B2-AD14-E8BD441240E3}.Debug|Any CPU.ActiveCfg = Debug|Any CPU
		{B4C396C2-B65C-40B2-AD14-E8BD441240E3}.Debug|Any CPU.Build.0 = Debug|Any CPU
		{B4C396C2-B65C-40B2-AD14-E8BD441240E3}.Debug|Any CPU.Deploy.0 = Debug|Any CPU
		{B4C396C2-B65C-40B2-AD14-E8BD441240E3}.Debug|Mixed Platforms.ActiveCfg = Debug|Any CPU
		{B4C396C2-B65C-40B2-AD14-E8BD441240E3}.Debug|Mixed Platforms.Build.0 = Debug|Any CPU
		{B4C396C2-B65C-40B2-AD14-E8BD441240E3}.Debug|Mixed Platforms.Deploy.0 = Debug|Any CPU
		{B4C396C2-B65C-40B2-AD14-E8BD441240E3}.Debug|x64.ActiveCfg = Debug|Any CPU
		{B4C396C2-B65C-40B2-AD14-E8BD441240E3}.Debug|x64.Build.0 = Debug|Any CPU
		{B4C396C2-B65C-40B2-AD14-E8BD441240E3}.Debug|x64.Deploy.0 = Debug|Any CPU
		{B4C396C2-B65C-40B2-AD14-E8BD441240E3}.Debug|x86.ActiveCfg = Debug|x86
		{B4C396C2-B65C-40B2-AD14-E8BD441240E3}.Debug|x86.Build.0 = Debug|x86
		{B4C396C2-B65C-40B2-AD14-E8BD441240E3}.Debug|x86.Deploy.0 = Debug|x86
		{B4C396C2-B65C-40B2-AD14-E8BD441240E3}.Release|.NET.ActiveCfg = Release|Any CPU
		{B4C396C2-B65C-40B2-AD14-E8BD441240E3}.Release|Any CPU.ActiveCfg = Release|Any CPU
		{B4C396C2-B65C-40B2-AD14-E8BD441240E3}.Release|Any CPU.Build.0 = Release|Any CPU
		{B4C396C2-B65C-40B2-AD14-E8BD441240E3}.Release|Any CPU.Deploy.0 = Release|Any CPU
		{B4C396C2-B65C-40B2-AD14-E8BD441240E3}.Release|Mixed Platforms.ActiveCfg = Release|Any CPU
		{B4C396C2-B65C-40B2-AD14-E8BD441240E3}.Release|Mixed Platforms.Build.0 = Release|Any CPU
		{B4C396C2-B65C-40B2-AD14-E8BD441240E3}.Release|Mixed Platforms.Deploy.0 = Release|Any CPU
		{B4C396C2-B65C-40B2-AD14-E8BD441240E3}.Release|x64.ActiveCfg = Release|Any CPU
		{B4C396C2-B65C-40B2-AD14-E8BD441240E3}.Release|x64.Build.0 = Release|Any CPU
		{B4C396C2-B65C-40B2-AD14-E8BD441240E3}.Release|x64.Deploy.0 = Release|Any CPU
		{B4C396C2-B65C-40B2-AD14-E8BD441240E3}.Release|x86.ActiveCfg = Release|Any CPU
		{B4C396C2-B65C-40B2-AD14-E8BD441240E3}.Release|x86.Build.0 = Release|Any CPU
		{B4C396C2-B65C-40B2-AD14-E8BD441240E3}.Release|x86.Deploy.0 = Release|Any CPU
		{5786158C-19CC-4C3F-A19E-9F8948F9F69A}.Debug|.NET.ActiveCfg = Debug|Any CPU
		{5786158C-19CC-4C3F-A19E-9F8948F9F69A}.Debug|.NET.Build.0 = Debug|Any CPU
		{5786158C-19CC-4C3F-A19E-9F8948F9F69A}.Debug|Any CPU.ActiveCfg = Debug|Any CPU
		{5786158C-19CC-4C3F-A19E-9F8948F9F69A}.Debug|Any CPU.Build.0 = Debug|Any CPU
		{5786158C-19CC-4C3F-A19E-9F8948F9F69A}.Debug|Mixed Platforms.ActiveCfg = Debug|x86
		{5786158C-19CC-4C3F-A19E-9F8948F9F69A}.Debug|Mixed Platforms.Build.0 = Debug|x86
		{5786158C-19CC-4C3F-A19E-9F8948F9F69A}.Debug|x64.ActiveCfg = Debug|Any CPU
		{5786158C-19CC-4C3F-A19E-9F8948F9F69A}.Debug|x64.Build.0 = Debug|Any CPU
		{5786158C-19CC-4C3F-A19E-9F8948F9F69A}.Debug|x86.ActiveCfg = Debug|x86
		{5786158C-19CC-4C3F-A19E-9F8948F9F69A}.Debug|x86.Build.0 = Debug|x86
		{5786158C-19CC-4C3F-A19E-9F8948F9F69A}.Release|.NET.ActiveCfg = Release|Any CPU
		{5786158C-19CC-4C3F-A19E-9F8948F9F69A}.Release|.NET.Build.0 = Release|Any CPU
		{5786158C-19CC-4C3F-A19E-9F8948F9F69A}.Release|Any CPU.ActiveCfg = Release|Any CPU
		{5786158C-19CC-4C3F-A19E-9F8948F9F69A}.Release|Any CPU.Build.0 = Release|Any CPU
		{5786158C-19CC-4C3F-A19E-9F8948F9F69A}.Release|Mixed Platforms.ActiveCfg = Release|x86
		{5786158C-19CC-4C3F-A19E-9F8948F9F69A}.Release|Mixed Platforms.Build.0 = Release|x86
		{5786158C-19CC-4C3F-A19E-9F8948F9F69A}.Release|x64.ActiveCfg = Release|Any CPU
		{5786158C-19CC-4C3F-A19E-9F8948F9F69A}.Release|x64.Build.0 = Release|Any CPU
		{5786158C-19CC-4C3F-A19E-9F8948F9F69A}.Release|x86.ActiveCfg = Release|x86
		{5786158C-19CC-4C3F-A19E-9F8948F9F69A}.Release|x86.Build.0 = Release|x86
		{39F2A27E-907F-46D3-B4E2-CB1CB5D716CA}.Debug|.NET.ActiveCfg = Debug|Any CPU
		{39F2A27E-907F-46D3-B4E2-CB1CB5D716CA}.Debug|.NET.Build.0 = Debug|Any CPU
		{39F2A27E-907F-46D3-B4E2-CB1CB5D716CA}.Debug|Any CPU.ActiveCfg = Debug|Any CPU
		{39F2A27E-907F-46D3-B4E2-CB1CB5D716CA}.Debug|Any CPU.Build.0 = Debug|Any CPU
		{39F2A27E-907F-46D3-B4E2-CB1CB5D716CA}.Debug|Mixed Platforms.ActiveCfg = Debug|x86
		{39F2A27E-907F-46D3-B4E2-CB1CB5D716CA}.Debug|Mixed Platforms.Build.0 = Debug|x86
		{39F2A27E-907F-46D3-B4E2-CB1CB5D716CA}.Debug|x64.ActiveCfg = Debug|Any CPU
		{39F2A27E-907F-46D3-B4E2-CB1CB5D716CA}.Debug|x64.Build.0 = Debug|Any CPU
		{39F2A27E-907F-46D3-B4E2-CB1CB5D716CA}.Debug|x86.ActiveCfg = Debug|x86
		{39F2A27E-907F-46D3-B4E2-CB1CB5D716CA}.Debug|x86.Build.0 = Debug|x86
		{39F2A27E-907F-46D3-B4E2-CB1CB5D716CA}.Release|.NET.ActiveCfg = Release|Any CPU
		{39F2A27E-907F-46D3-B4E2-CB1CB5D716CA}.Release|.NET.Build.0 = Release|Any CPU
		{39F2A27E-907F-46D3-B4E2-CB1CB5D716CA}.Release|Any CPU.ActiveCfg = Release|Any CPU
		{39F2A27E-907F-46D3-B4E2-CB1CB5D716CA}.Release|Any CPU.Build.0 = Release|Any CPU
		{39F2A27E-907F-46D3-B4E2-CB1CB5D716CA}.Release|Mixed Platforms.ActiveCfg = Release|x86
		{39F2A27E-907F-46D3-B4E2-CB1CB5D716CA}.Release|Mixed Platforms.Build.0 = Release|x86
		{39F2A27E-907F-46D3-B4E2-CB1CB5D716CA}.Release|x64.ActiveCfg = Release|Any CPU
		{39F2A27E-907F-46D3-B4E2-CB1CB5D716CA}.Release|x64.Build.0 = Release|Any CPU
		{39F2A27E-907F-46D3-B4E2-CB1CB5D716CA}.Release|x86.ActiveCfg = Release|x86
		{39F2A27E-907F-46D3-B4E2-CB1CB5D716CA}.Release|x86.Build.0 = Release|x86
		{489F2820-4410-41D4-8C96-4F96CB707D57}.Debug|.NET.ActiveCfg = Debug|Any CPU
		{489F2820-4410-41D4-8C96-4F96CB707D57}.Debug|.NET.Build.0 = Debug|Any CPU
		{489F2820-4410-41D4-8C96-4F96CB707D57}.Debug|Any CPU.ActiveCfg = Debug|Any CPU
		{489F2820-4410-41D4-8C96-4F96CB707D57}.Debug|Any CPU.Build.0 = Debug|Any CPU
		{489F2820-4410-41D4-8C96-4F96CB707D57}.Debug|Mixed Platforms.ActiveCfg = Debug|x86
		{489F2820-4410-41D4-8C96-4F96CB707D57}.Debug|Mixed Platforms.Build.0 = Debug|x86
		{489F2820-4410-41D4-8C96-4F96CB707D57}.Debug|x64.ActiveCfg = Debug|Any CPU
		{489F2820-4410-41D4-8C96-4F96CB707D57}.Debug|x64.Build.0 = Debug|Any CPU
		{489F2820-4410-41D4-8C96-4F96CB707D57}.Debug|x86.ActiveCfg = Debug|x86
		{489F2820-4410-41D4-8C96-4F96CB707D57}.Debug|x86.Build.0 = Debug|x86
		{489F2820-4410-41D4-8C96-4F96CB707D57}.Release|.NET.ActiveCfg = Release|Any CPU
		{489F2820-4410-41D4-8C96-4F96CB707D57}.Release|.NET.Build.0 = Release|Any CPU
		{489F2820-4410-41D4-8C96-4F96CB707D57}.Release|Any CPU.ActiveCfg = Release|Any CPU
		{489F2820-4410-41D4-8C96-4F96CB707D57}.Release|Any CPU.Build.0 = Release|Any CPU
		{489F2820-4410-41D4-8C96-4F96CB707D57}.Release|Mixed Platforms.ActiveCfg = Release|x86
		{489F2820-4410-41D4-8C96-4F96CB707D57}.Release|Mixed Platforms.Build.0 = Release|x86
		{489F2820-4410-41D4-8C96-4F96CB707D57}.Release|x64.ActiveCfg = Release|Any CPU
		{489F2820-4410-41D4-8C96-4F96CB707D57}.Release|x64.Build.0 = Release|Any CPU
		{489F2820-4410-41D4-8C96-4F96CB707D57}.Release|x86.ActiveCfg = Release|x86
		{489F2820-4410-41D4-8C96-4F96CB707D57}.Release|x86.Build.0 = Release|x86
		{774D87AF-4EA6-4A9F-8CD6-066465D770AF}.Debug|.NET.ActiveCfg = Debug|Any CPU
		{774D87AF-4EA6-4A9F-8CD6-066465D770AF}.Debug|.NET.Build.0 = Debug|Any CPU
		{774D87AF-4EA6-4A9F-8CD6-066465D770AF}.Debug|Any CPU.ActiveCfg = Debug|Any CPU
		{774D87AF-4EA6-4A9F-8CD6-066465D770AF}.Debug|Any CPU.Build.0 = Debug|Any CPU
		{774D87AF-4EA6-4A9F-8CD6-066465D770AF}.Debug|Mixed Platforms.ActiveCfg = Debug|x86
		{774D87AF-4EA6-4A9F-8CD6-066465D770AF}.Debug|Mixed Platforms.Build.0 = Debug|x86
		{774D87AF-4EA6-4A9F-8CD6-066465D770AF}.Debug|x64.ActiveCfg = Debug|Any CPU
		{774D87AF-4EA6-4A9F-8CD6-066465D770AF}.Debug|x64.Build.0 = Debug|Any CPU
		{774D87AF-4EA6-4A9F-8CD6-066465D770AF}.Debug|x86.ActiveCfg = Debug|x86
		{774D87AF-4EA6-4A9F-8CD6-066465D770AF}.Debug|x86.Build.0 = Debug|x86
		{774D87AF-4EA6-4A9F-8CD6-066465D770AF}.Release|.NET.ActiveCfg = Release|Any CPU
		{774D87AF-4EA6-4A9F-8CD6-066465D770AF}.Release|.NET.Build.0 = Release|Any CPU
		{774D87AF-4EA6-4A9F-8CD6-066465D770AF}.Release|Any CPU.ActiveCfg = Release|Any CPU
		{774D87AF-4EA6-4A9F-8CD6-066465D770AF}.Release|Any CPU.Build.0 = Release|Any CPU
		{774D87AF-4EA6-4A9F-8CD6-066465D770AF}.Release|Mixed Platforms.ActiveCfg = Release|x86
		{774D87AF-4EA6-4A9F-8CD6-066465D770AF}.Release|Mixed Platforms.Build.0 = Release|x86
		{774D87AF-4EA6-4A9F-8CD6-066465D770AF}.Release|x64.ActiveCfg = Release|Any CPU
		{774D87AF-4EA6-4A9F-8CD6-066465D770AF}.Release|x64.Build.0 = Release|Any CPU
		{774D87AF-4EA6-4A9F-8CD6-066465D770AF}.Release|x86.ActiveCfg = Release|x86
		{774D87AF-4EA6-4A9F-8CD6-066465D770AF}.Release|x86.Build.0 = Release|x86
		{C8641177-A9A2-4D02-839B-74DFBD67DEBB}.Debug|.NET.ActiveCfg = Debug|Any CPU
		{C8641177-A9A2-4D02-839B-74DFBD67DEBB}.Debug|.NET.Build.0 = Debug|Any CPU
		{C8641177-A9A2-4D02-839B-74DFBD67DEBB}.Debug|Any CPU.ActiveCfg = Debug|Any CPU
		{C8641177-A9A2-4D02-839B-74DFBD67DEBB}.Debug|Any CPU.Build.0 = Debug|Any CPU
		{C8641177-A9A2-4D02-839B-74DFBD67DEBB}.Debug|Mixed Platforms.ActiveCfg = Debug|x86
		{C8641177-A9A2-4D02-839B-74DFBD67DEBB}.Debug|Mixed Platforms.Build.0 = Debug|x86
		{C8641177-A9A2-4D02-839B-74DFBD67DEBB}.Debug|x64.ActiveCfg = Debug|Any CPU
		{C8641177-A9A2-4D02-839B-74DFBD67DEBB}.Debug|x64.Build.0 = Debug|Any CPU
		{C8641177-A9A2-4D02-839B-74DFBD67DEBB}.Debug|x86.ActiveCfg = Debug|x86
		{C8641177-A9A2-4D02-839B-74DFBD67DEBB}.Debug|x86.Build.0 = Debug|x86
		{C8641177-A9A2-4D02-839B-74DFBD67DEBB}.Release|.NET.ActiveCfg = Release|Any CPU
		{C8641177-A9A2-4D02-839B-74DFBD67DEBB}.Release|.NET.Build.0 = Release|Any CPU
		{C8641177-A9A2-4D02-839B-74DFBD67DEBB}.Release|Any CPU.ActiveCfg = Release|Any CPU
		{C8641177-A9A2-4D02-839B-74DFBD67DEBB}.Release|Any CPU.Build.0 = Release|Any CPU
		{C8641177-A9A2-4D02-839B-74DFBD67DEBB}.Release|Mixed Platforms.ActiveCfg = Release|x86
		{C8641177-A9A2-4D02-839B-74DFBD67DEBB}.Release|Mixed Platforms.Build.0 = Release|x86
		{C8641177-A9A2-4D02-839B-74DFBD67DEBB}.Release|x64.ActiveCfg = Release|Any CPU
		{C8641177-A9A2-4D02-839B-74DFBD67DEBB}.Release|x64.Build.0 = Release|Any CPU
		{C8641177-A9A2-4D02-839B-74DFBD67DEBB}.Release|x86.ActiveCfg = Release|x86
		{C8641177-A9A2-4D02-839B-74DFBD67DEBB}.Release|x86.Build.0 = Release|x86
		{56C0D819-F3ED-48CE-8F1F-07E415103F46}.Debug|.NET.ActiveCfg = Debug|Any CPU
		{56C0D819-F3ED-48CE-8F1F-07E415103F46}.Debug|.NET.Build.0 = Debug|Any CPU
		{56C0D819-F3ED-48CE-8F1F-07E415103F46}.Debug|Any CPU.ActiveCfg = Debug|Any CPU
		{56C0D819-F3ED-48CE-8F1F-07E415103F46}.Debug|Any CPU.Build.0 = Debug|Any CPU
		{56C0D819-F3ED-48CE-8F1F-07E415103F46}.Debug|Mixed Platforms.ActiveCfg = Debug|x86
		{56C0D819-F3ED-48CE-8F1F-07E415103F46}.Debug|Mixed Platforms.Build.0 = Debug|x86
		{56C0D819-F3ED-48CE-8F1F-07E415103F46}.Debug|x64.ActiveCfg = Debug|Any CPU
		{56C0D819-F3ED-48CE-8F1F-07E415103F46}.Debug|x64.Build.0 = Debug|Any CPU
		{56C0D819-F3ED-48CE-8F1F-07E415103F46}.Debug|x86.ActiveCfg = Debug|x86
		{56C0D819-F3ED-48CE-8F1F-07E415103F46}.Debug|x86.Build.0 = Debug|x86
		{56C0D819-F3ED-48CE-8F1F-07E415103F46}.Release|.NET.ActiveCfg = Release|Any CPU
		{56C0D819-F3ED-48CE-8F1F-07E415103F46}.Release|.NET.Build.0 = Release|Any CPU
		{56C0D819-F3ED-48CE-8F1F-07E415103F46}.Release|Any CPU.ActiveCfg = Release|Any CPU
		{56C0D819-F3ED-48CE-8F1F-07E415103F46}.Release|Any CPU.Build.0 = Release|Any CPU
		{56C0D819-F3ED-48CE-8F1F-07E415103F46}.Release|Mixed Platforms.ActiveCfg = Release|x86
		{56C0D819-F3ED-48CE-8F1F-07E415103F46}.Release|Mixed Platforms.Build.0 = Release|x86
		{56C0D819-F3ED-48CE-8F1F-07E415103F46}.Release|x64.ActiveCfg = Release|Any CPU
		{56C0D819-F3ED-48CE-8F1F-07E415103F46}.Release|x64.Build.0 = Release|Any CPU
		{56C0D819-F3ED-48CE-8F1F-07E415103F46}.Release|x86.ActiveCfg = Release|x86
		{56C0D819-F3ED-48CE-8F1F-07E415103F46}.Release|x86.Build.0 = Release|x86
		{9A0BD8FE-D6F6-4CE5-9A0B-877610B00DEB}.Debug|.NET.ActiveCfg = Debug|Any CPU
		{9A0BD8FE-D6F6-4CE5-9A0B-877610B00DEB}.Debug|.NET.Build.0 = Debug|Any CPU
		{9A0BD8FE-D6F6-4CE5-9A0B-877610B00DEB}.Debug|Any CPU.ActiveCfg = Debug|Any CPU
		{9A0BD8FE-D6F6-4CE5-9A0B-877610B00DEB}.Debug|Any CPU.Build.0 = Debug|Any CPU
		{9A0BD8FE-D6F6-4CE5-9A0B-877610B00DEB}.Debug|Mixed Platforms.ActiveCfg = Debug|x86
		{9A0BD8FE-D6F6-4CE5-9A0B-877610B00DEB}.Debug|Mixed Platforms.Build.0 = Debug|x86
		{9A0BD8FE-D6F6-4CE5-9A0B-877610B00DEB}.Debug|x64.ActiveCfg = Debug|Any CPU
		{9A0BD8FE-D6F6-4CE5-9A0B-877610B00DEB}.Debug|x64.Build.0 = Debug|Any CPU
		{9A0BD8FE-D6F6-4CE5-9A0B-877610B00DEB}.Debug|x86.ActiveCfg = Debug|x86
		{9A0BD8FE-D6F6-4CE5-9A0B-877610B00DEB}.Debug|x86.Build.0 = Debug|x86
		{9A0BD8FE-D6F6-4CE5-9A0B-877610B00DEB}.Release|.NET.ActiveCfg = Release|Any CPU
		{9A0BD8FE-D6F6-4CE5-9A0B-877610B00DEB}.Release|.NET.Build.0 = Release|Any CPU
		{9A0BD8FE-D6F6-4CE5-9A0B-877610B00DEB}.Release|Any CPU.ActiveCfg = Release|Any CPU
		{9A0BD8FE-D6F6-4CE5-9A0B-877610B00DEB}.Release|Any CPU.Build.0 = Release|Any CPU
		{9A0BD8FE-D6F6-4CE5-9A0B-877610B00DEB}.Release|Mixed Platforms.ActiveCfg = Release|x86
		{9A0BD8FE-D6F6-4CE5-9A0B-877610B00DEB}.Release|Mixed Platforms.Build.0 = Release|x86
		{9A0BD8FE-D6F6-4CE5-9A0B-877610B00DEB}.Release|x64.ActiveCfg = Release|Any CPU
		{9A0BD8FE-D6F6-4CE5-9A0B-877610B00DEB}.Release|x64.Build.0 = Release|Any CPU
		{9A0BD8FE-D6F6-4CE5-9A0B-877610B00DEB}.Release|x86.ActiveCfg = Release|x86
		{9A0BD8FE-D6F6-4CE5-9A0B-877610B00DEB}.Release|x86.Build.0 = Release|x86
		{94EE8D6C-5C52-4F34-9E61-E407B3240004}.Debug|.NET.ActiveCfg = Debug|Any CPU
		{94EE8D6C-5C52-4F34-9E61-E407B3240004}.Debug|.NET.Build.0 = Debug|Any CPU
		{94EE8D6C-5C52-4F34-9E61-E407B3240004}.Debug|Any CPU.ActiveCfg = Debug|Any CPU
		{94EE8D6C-5C52-4F34-9E61-E407B3240004}.Debug|Any CPU.Build.0 = Debug|Any CPU
		{94EE8D6C-5C52-4F34-9E61-E407B3240004}.Debug|Mixed Platforms.ActiveCfg = Debug|x86
		{94EE8D6C-5C52-4F34-9E61-E407B3240004}.Debug|Mixed Platforms.Build.0 = Debug|x86
		{94EE8D6C-5C52-4F34-9E61-E407B3240004}.Debug|x64.ActiveCfg = Debug|Any CPU
		{94EE8D6C-5C52-4F34-9E61-E407B3240004}.Debug|x64.Build.0 = Debug|Any CPU
		{94EE8D6C-5C52-4F34-9E61-E407B3240004}.Debug|x86.ActiveCfg = Debug|x86
		{94EE8D6C-5C52-4F34-9E61-E407B3240004}.Debug|x86.Build.0 = Debug|x86
		{94EE8D6C-5C52-4F34-9E61-E407B3240004}.Release|.NET.ActiveCfg = Release|Any CPU
		{94EE8D6C-5C52-4F34-9E61-E407B3240004}.Release|.NET.Build.0 = Release|Any CPU
		{94EE8D6C-5C52-4F34-9E61-E407B3240004}.Release|Any CPU.ActiveCfg = Release|Any CPU
		{94EE8D6C-5C52-4F34-9E61-E407B3240004}.Release|Any CPU.Build.0 = Release|Any CPU
		{94EE8D6C-5C52-4F34-9E61-E407B3240004}.Release|Mixed Platforms.ActiveCfg = Release|x86
		{94EE8D6C-5C52-4F34-9E61-E407B3240004}.Release|Mixed Platforms.Build.0 = Release|x86
		{94EE8D6C-5C52-4F34-9E61-E407B3240004}.Release|x64.ActiveCfg = Release|Any CPU
		{94EE8D6C-5C52-4F34-9E61-E407B3240004}.Release|x64.Build.0 = Release|Any CPU
		{94EE8D6C-5C52-4F34-9E61-E407B3240004}.Release|x86.ActiveCfg = Release|x86
		{94EE8D6C-5C52-4F34-9E61-E407B3240004}.Release|x86.Build.0 = Release|x86
		{7A467241-C0C8-43D0-AE5B-22C606CB0CCF}.Debug|.NET.ActiveCfg = Debug|Any CPU
		{7A467241-C0C8-43D0-AE5B-22C606CB0CCF}.Debug|.NET.Build.0 = Debug|Any CPU
		{7A467241-C0C8-43D0-AE5B-22C606CB0CCF}.Debug|Any CPU.ActiveCfg = Debug|Any CPU
		{7A467241-C0C8-43D0-AE5B-22C606CB0CCF}.Debug|Any CPU.Build.0 = Debug|Any CPU
		{7A467241-C0C8-43D0-AE5B-22C606CB0CCF}.Debug|Mixed Platforms.ActiveCfg = Debug|Any CPU
		{7A467241-C0C8-43D0-AE5B-22C606CB0CCF}.Debug|Mixed Platforms.Build.0 = Debug|Any CPU
		{7A467241-C0C8-43D0-AE5B-22C606CB0CCF}.Debug|x64.ActiveCfg = Debug|Any CPU
		{7A467241-C0C8-43D0-AE5B-22C606CB0CCF}.Debug|x64.Build.0 = Debug|Any CPU
		{7A467241-C0C8-43D0-AE5B-22C606CB0CCF}.Debug|x86.ActiveCfg = Debug|x86
		{7A467241-C0C8-43D0-AE5B-22C606CB0CCF}.Debug|x86.Build.0 = Debug|x86
		{7A467241-C0C8-43D0-AE5B-22C606CB0CCF}.Release|.NET.ActiveCfg = Release|Any CPU
		{7A467241-C0C8-43D0-AE5B-22C606CB0CCF}.Release|.NET.Build.0 = Release|Any CPU
		{7A467241-C0C8-43D0-AE5B-22C606CB0CCF}.Release|Any CPU.ActiveCfg = Release|Any CPU
		{7A467241-C0C8-43D0-AE5B-22C606CB0CCF}.Release|Any CPU.Build.0 = Release|Any CPU
		{7A467241-C0C8-43D0-AE5B-22C606CB0CCF}.Release|Mixed Platforms.ActiveCfg = Release|Any CPU
		{7A467241-C0C8-43D0-AE5B-22C606CB0CCF}.Release|Mixed Platforms.Build.0 = Release|Any CPU
		{7A467241-C0C8-43D0-AE5B-22C606CB0CCF}.Release|x64.ActiveCfg = Release|Any CPU
		{7A467241-C0C8-43D0-AE5B-22C606CB0CCF}.Release|x64.Build.0 = Release|Any CPU
		{7A467241-C0C8-43D0-AE5B-22C606CB0CCF}.Release|x86.ActiveCfg = Release|x86
		{7A467241-C0C8-43D0-AE5B-22C606CB0CCF}.Release|x86.Build.0 = Release|x86
		{5A8877C6-D2C0-4561-BA59-7DD8384A9739}.Debug|.NET.ActiveCfg = Debug|Any CPU
		{5A8877C6-D2C0-4561-BA59-7DD8384A9739}.Debug|.NET.Build.0 = Debug|Any CPU
		{5A8877C6-D2C0-4561-BA59-7DD8384A9739}.Debug|Any CPU.ActiveCfg = Debug|Any CPU
		{5A8877C6-D2C0-4561-BA59-7DD8384A9739}.Debug|Any CPU.Build.0 = Debug|Any CPU
		{5A8877C6-D2C0-4561-BA59-7DD8384A9739}.Debug|Mixed Platforms.ActiveCfg = Debug|x86
		{5A8877C6-D2C0-4561-BA59-7DD8384A9739}.Debug|Mixed Platforms.Build.0 = Debug|x86
		{5A8877C6-D2C0-4561-BA59-7DD8384A9739}.Debug|x64.ActiveCfg = Debug|Any CPU
		{5A8877C6-D2C0-4561-BA59-7DD8384A9739}.Debug|x64.Build.0 = Debug|Any CPU
		{5A8877C6-D2C0-4561-BA59-7DD8384A9739}.Debug|x86.ActiveCfg = Debug|x86
		{5A8877C6-D2C0-4561-BA59-7DD8384A9739}.Debug|x86.Build.0 = Debug|x86
		{5A8877C6-D2C0-4561-BA59-7DD8384A9739}.Release|.NET.ActiveCfg = Release|Any CPU
		{5A8877C6-D2C0-4561-BA59-7DD8384A9739}.Release|.NET.Build.0 = Release|Any CPU
		{5A8877C6-D2C0-4561-BA59-7DD8384A9739}.Release|Any CPU.ActiveCfg = Release|Any CPU
		{5A8877C6-D2C0-4561-BA59-7DD8384A9739}.Release|Any CPU.Build.0 = Release|Any CPU
		{5A8877C6-D2C0-4561-BA59-7DD8384A9739}.Release|Mixed Platforms.ActiveCfg = Release|x86
		{5A8877C6-D2C0-4561-BA59-7DD8384A9739}.Release|Mixed Platforms.Build.0 = Release|x86
		{5A8877C6-D2C0-4561-BA59-7DD8384A9739}.Release|x64.ActiveCfg = Release|Any CPU
		{5A8877C6-D2C0-4561-BA59-7DD8384A9739}.Release|x64.Build.0 = Release|Any CPU
		{5A8877C6-D2C0-4561-BA59-7DD8384A9739}.Release|x86.ActiveCfg = Release|x86
		{5A8877C6-D2C0-4561-BA59-7DD8384A9739}.Release|x86.Build.0 = Release|x86
		{4937B123-E6BC-43CE-B1B6-2280043DD805}.Debug|.NET.ActiveCfg = Debug|Any CPU
		{4937B123-E6BC-43CE-B1B6-2280043DD805}.Debug|.NET.Build.0 = Debug|Any CPU
		{4937B123-E6BC-43CE-B1B6-2280043DD805}.Debug|Any CPU.ActiveCfg = Debug|Any CPU
		{4937B123-E6BC-43CE-B1B6-2280043DD805}.Debug|Any CPU.Build.0 = Debug|Any CPU
		{4937B123-E6BC-43CE-B1B6-2280043DD805}.Debug|Mixed Platforms.ActiveCfg = Debug|x86
		{4937B123-E6BC-43CE-B1B6-2280043DD805}.Debug|Mixed Platforms.Build.0 = Debug|x86
		{4937B123-E6BC-43CE-B1B6-2280043DD805}.Debug|x64.ActiveCfg = Debug|Any CPU
		{4937B123-E6BC-43CE-B1B6-2280043DD805}.Debug|x64.Build.0 = Debug|Any CPU
		{4937B123-E6BC-43CE-B1B6-2280043DD805}.Debug|x86.ActiveCfg = Debug|x86
		{4937B123-E6BC-43CE-B1B6-2280043DD805}.Debug|x86.Build.0 = Debug|x86
		{4937B123-E6BC-43CE-B1B6-2280043DD805}.Release|.NET.ActiveCfg = Release|Any CPU
		{4937B123-E6BC-43CE-B1B6-2280043DD805}.Release|.NET.Build.0 = Release|Any CPU
		{4937B123-E6BC-43CE-B1B6-2280043DD805}.Release|Any CPU.ActiveCfg = Release|Any CPU
		{4937B123-E6BC-43CE-B1B6-2280043DD805}.Release|Any CPU.Build.0 = Release|Any CPU
		{4937B123-E6BC-43CE-B1B6-2280043DD805}.Release|Mixed Platforms.ActiveCfg = Release|x86
		{4937B123-E6BC-43CE-B1B6-2280043DD805}.Release|Mixed Platforms.Build.0 = Release|x86
		{4937B123-E6BC-43CE-B1B6-2280043DD805}.Release|x64.ActiveCfg = Release|Any CPU
		{4937B123-E6BC-43CE-B1B6-2280043DD805}.Release|x64.Build.0 = Release|Any CPU
		{4937B123-E6BC-43CE-B1B6-2280043DD805}.Release|x86.ActiveCfg = Release|x86
		{4937B123-E6BC-43CE-B1B6-2280043DD805}.Release|x86.Build.0 = Release|x86
		{A6404E9F-04C3-4FD7-BFAB-D20E8F6EFC24}.Debug|.NET.ActiveCfg = Debug|Any CPU
		{A6404E9F-04C3-4FD7-BFAB-D20E8F6EFC24}.Debug|.NET.Build.0 = Debug|Any CPU
		{A6404E9F-04C3-4FD7-BFAB-D20E8F6EFC24}.Debug|Any CPU.ActiveCfg = Debug|Any CPU
		{A6404E9F-04C3-4FD7-BFAB-D20E8F6EFC24}.Debug|Any CPU.Build.0 = Debug|Any CPU
		{A6404E9F-04C3-4FD7-BFAB-D20E8F6EFC24}.Debug|Mixed Platforms.ActiveCfg = Debug|Any CPU
		{A6404E9F-04C3-4FD7-BFAB-D20E8F6EFC24}.Debug|Mixed Platforms.Build.0 = Debug|Any CPU
		{A6404E9F-04C3-4FD7-BFAB-D20E8F6EFC24}.Debug|x64.ActiveCfg = Debug|Any CPU
		{A6404E9F-04C3-4FD7-BFAB-D20E8F6EFC24}.Debug|x64.Build.0 = Debug|Any CPU
		{A6404E9F-04C3-4FD7-BFAB-D20E8F6EFC24}.Debug|x86.ActiveCfg = Debug|Any CPU
		{A6404E9F-04C3-4FD7-BFAB-D20E8F6EFC24}.Debug|x86.Build.0 = Debug|Any CPU
		{A6404E9F-04C3-4FD7-BFAB-D20E8F6EFC24}.Release|.NET.ActiveCfg = Release|Any CPU
		{A6404E9F-04C3-4FD7-BFAB-D20E8F6EFC24}.Release|.NET.Build.0 = Release|Any CPU
		{A6404E9F-04C3-4FD7-BFAB-D20E8F6EFC24}.Release|Any CPU.ActiveCfg = Release|Any CPU
		{A6404E9F-04C3-4FD7-BFAB-D20E8F6EFC24}.Release|Any CPU.Build.0 = Release|Any CPU
		{A6404E9F-04C3-4FD7-BFAB-D20E8F6EFC24}.Release|Mixed Platforms.ActiveCfg = Release|Any CPU
		{A6404E9F-04C3-4FD7-BFAB-D20E8F6EFC24}.Release|Mixed Platforms.Build.0 = Release|Any CPU
		{A6404E9F-04C3-4FD7-BFAB-D20E8F6EFC24}.Release|x64.ActiveCfg = Release|Any CPU
		{A6404E9F-04C3-4FD7-BFAB-D20E8F6EFC24}.Release|x64.Build.0 = Release|Any CPU
		{A6404E9F-04C3-4FD7-BFAB-D20E8F6EFC24}.Release|x86.ActiveCfg = Release|Any CPU
		{A6404E9F-04C3-4FD7-BFAB-D20E8F6EFC24}.Release|x86.Build.0 = Release|Any CPU
		{4EAED194-88C5-4EFB-AC35-81253AE840B6}.Debug|.NET.ActiveCfg = Debug|Any CPU
		{4EAED194-88C5-4EFB-AC35-81253AE840B6}.Debug|.NET.Build.0 = Debug|Any CPU
		{4EAED194-88C5-4EFB-AC35-81253AE840B6}.Debug|Any CPU.ActiveCfg = Debug|Any CPU
		{4EAED194-88C5-4EFB-AC35-81253AE840B6}.Debug|Any CPU.Build.0 = Debug|Any CPU
		{4EAED194-88C5-4EFB-AC35-81253AE840B6}.Debug|Mixed Platforms.ActiveCfg = Debug|x86
		{4EAED194-88C5-4EFB-AC35-81253AE840B6}.Debug|Mixed Platforms.Build.0 = Debug|x86
		{4EAED194-88C5-4EFB-AC35-81253AE840B6}.Debug|x64.ActiveCfg = Debug|Any CPU
		{4EAED194-88C5-4EFB-AC35-81253AE840B6}.Debug|x64.Build.0 = Debug|Any CPU
		{4EAED194-88C5-4EFB-AC35-81253AE840B6}.Debug|x86.ActiveCfg = Debug|x86
		{4EAED194-88C5-4EFB-AC35-81253AE840B6}.Debug|x86.Build.0 = Debug|x86
		{4EAED194-88C5-4EFB-AC35-81253AE840B6}.Release|.NET.ActiveCfg = Release|Any CPU
		{4EAED194-88C5-4EFB-AC35-81253AE840B6}.Release|.NET.Build.0 = Release|Any CPU
		{4EAED194-88C5-4EFB-AC35-81253AE840B6}.Release|Any CPU.ActiveCfg = Release|Any CPU
		{4EAED194-88C5-4EFB-AC35-81253AE840B6}.Release|Any CPU.Build.0 = Release|Any CPU
		{4EAED194-88C5-4EFB-AC35-81253AE840B6}.Release|Mixed Platforms.ActiveCfg = Release|x86
		{4EAED194-88C5-4EFB-AC35-81253AE840B6}.Release|Mixed Platforms.Build.0 = Release|x86
		{4EAED194-88C5-4EFB-AC35-81253AE840B6}.Release|x64.ActiveCfg = Release|Any CPU
		{4EAED194-88C5-4EFB-AC35-81253AE840B6}.Release|x64.Build.0 = Release|Any CPU
		{4EAED194-88C5-4EFB-AC35-81253AE840B6}.Release|x86.ActiveCfg = Release|x86
		{4EAED194-88C5-4EFB-AC35-81253AE840B6}.Release|x86.Build.0 = Release|x86
		{3A73DC63-3314-41E3-BFA7-91A99071BAA3}.Debug|.NET.ActiveCfg = Debug|Any CPU
		{3A73DC63-3314-41E3-BFA7-91A99071BAA3}.Debug|.NET.Build.0 = Debug|Any CPU
		{3A73DC63-3314-41E3-BFA7-91A99071BAA3}.Debug|Any CPU.ActiveCfg = Debug|Any CPU
		{3A73DC63-3314-41E3-BFA7-91A99071BAA3}.Debug|Any CPU.Build.0 = Debug|Any CPU
		{3A73DC63-3314-41E3-BFA7-91A99071BAA3}.Debug|Mixed Platforms.ActiveCfg = Debug|Any CPU
		{3A73DC63-3314-41E3-BFA7-91A99071BAA3}.Debug|Mixed Platforms.Build.0 = Debug|Any CPU
		{3A73DC63-3314-41E3-BFA7-91A99071BAA3}.Debug|x64.ActiveCfg = Debug|Any CPU
		{3A73DC63-3314-41E3-BFA7-91A99071BAA3}.Debug|x64.Build.0 = Debug|Any CPU
		{3A73DC63-3314-41E3-BFA7-91A99071BAA3}.Debug|x86.ActiveCfg = Debug|x86
		{3A73DC63-3314-41E3-BFA7-91A99071BAA3}.Debug|x86.Build.0 = Debug|x86
		{3A73DC63-3314-41E3-BFA7-91A99071BAA3}.Release|.NET.ActiveCfg = Release|Any CPU
		{3A73DC63-3314-41E3-BFA7-91A99071BAA3}.Release|.NET.Build.0 = Release|Any CPU
		{3A73DC63-3314-41E3-BFA7-91A99071BAA3}.Release|Any CPU.ActiveCfg = Release|Any CPU
		{3A73DC63-3314-41E3-BFA7-91A99071BAA3}.Release|Any CPU.Build.0 = Release|Any CPU
		{3A73DC63-3314-41E3-BFA7-91A99071BAA3}.Release|Mixed Platforms.ActiveCfg = Release|Any CPU
		{3A73DC63-3314-41E3-BFA7-91A99071BAA3}.Release|Mixed Platforms.Build.0 = Release|Any CPU
		{3A73DC63-3314-41E3-BFA7-91A99071BAA3}.Release|x64.ActiveCfg = Release|Any CPU
		{3A73DC63-3314-41E3-BFA7-91A99071BAA3}.Release|x64.Build.0 = Release|Any CPU
		{3A73DC63-3314-41E3-BFA7-91A99071BAA3}.Release|x86.ActiveCfg = Release|x86
		{3A73DC63-3314-41E3-BFA7-91A99071BAA3}.Release|x86.Build.0 = Release|x86
		{C9B7022E-528B-461B-A4D8-70A63DEB10A2}.Debug|.NET.ActiveCfg = Debug|Any CPU
		{C9B7022E-528B-461B-A4D8-70A63DEB10A2}.Debug|.NET.Build.0 = Debug|Any CPU
		{C9B7022E-528B-461B-A4D8-70A63DEB10A2}.Debug|Any CPU.ActiveCfg = Debug|Any CPU
		{C9B7022E-528B-461B-A4D8-70A63DEB10A2}.Debug|Any CPU.Build.0 = Debug|Any CPU
		{C9B7022E-528B-461B-A4D8-70A63DEB10A2}.Debug|Mixed Platforms.ActiveCfg = Debug|Any CPU
		{C9B7022E-528B-461B-A4D8-70A63DEB10A2}.Debug|Mixed Platforms.Build.0 = Debug|Any CPU
		{C9B7022E-528B-461B-A4D8-70A63DEB10A2}.Debug|x64.ActiveCfg = Debug|Any CPU
		{C9B7022E-528B-461B-A4D8-70A63DEB10A2}.Debug|x64.Build.0 = Debug|Any CPU
		{C9B7022E-528B-461B-A4D8-70A63DEB10A2}.Debug|x86.ActiveCfg = Debug|x86
		{C9B7022E-528B-461B-A4D8-70A63DEB10A2}.Debug|x86.Build.0 = Debug|x86
		{C9B7022E-528B-461B-A4D8-70A63DEB10A2}.Release|.NET.ActiveCfg = Release|Any CPU
		{C9B7022E-528B-461B-A4D8-70A63DEB10A2}.Release|.NET.Build.0 = Release|Any CPU
		{C9B7022E-528B-461B-A4D8-70A63DEB10A2}.Release|Any CPU.ActiveCfg = Release|Any CPU
		{C9B7022E-528B-461B-A4D8-70A63DEB10A2}.Release|Any CPU.Build.0 = Release|Any CPU
		{C9B7022E-528B-461B-A4D8-70A63DEB10A2}.Release|Mixed Platforms.ActiveCfg = Release|Any CPU
		{C9B7022E-528B-461B-A4D8-70A63DEB10A2}.Release|Mixed Platforms.Build.0 = Release|Any CPU
		{C9B7022E-528B-461B-A4D8-70A63DEB10A2}.Release|x64.ActiveCfg = Release|Any CPU
		{C9B7022E-528B-461B-A4D8-70A63DEB10A2}.Release|x64.Build.0 = Release|Any CPU
		{C9B7022E-528B-461B-A4D8-70A63DEB10A2}.Release|x86.ActiveCfg = Release|x86
		{C9B7022E-528B-461B-A4D8-70A63DEB10A2}.Release|x86.Build.0 = Release|x86
		{63CE1DEE-458D-47A3-82FD-78E0132B536B}.Debug|.NET.ActiveCfg = Debug|Any CPU
		{63CE1DEE-458D-47A3-82FD-78E0132B536B}.Debug|.NET.Build.0 = Debug|Any CPU
		{63CE1DEE-458D-47A3-82FD-78E0132B536B}.Debug|Any CPU.ActiveCfg = Debug|Any CPU
		{63CE1DEE-458D-47A3-82FD-78E0132B536B}.Debug|Any CPU.Build.0 = Debug|Any CPU
		{63CE1DEE-458D-47A3-82FD-78E0132B536B}.Debug|Mixed Platforms.ActiveCfg = Debug|Any CPU
		{63CE1DEE-458D-47A3-82FD-78E0132B536B}.Debug|Mixed Platforms.Build.0 = Debug|Any CPU
		{63CE1DEE-458D-47A3-82FD-78E0132B536B}.Debug|x64.ActiveCfg = Debug|Any CPU
		{63CE1DEE-458D-47A3-82FD-78E0132B536B}.Debug|x64.Build.0 = Debug|Any CPU
		{63CE1DEE-458D-47A3-82FD-78E0132B536B}.Debug|x86.ActiveCfg = Debug|x86
		{63CE1DEE-458D-47A3-82FD-78E0132B536B}.Debug|x86.Build.0 = Debug|x86
		{63CE1DEE-458D-47A3-82FD-78E0132B536B}.Release|.NET.ActiveCfg = Release|Any CPU
		{63CE1DEE-458D-47A3-82FD-78E0132B536B}.Release|.NET.Build.0 = Release|Any CPU
		{63CE1DEE-458D-47A3-82FD-78E0132B536B}.Release|Any CPU.ActiveCfg = Release|Any CPU
		{63CE1DEE-458D-47A3-82FD-78E0132B536B}.Release|Any CPU.Build.0 = Release|Any CPU
		{63CE1DEE-458D-47A3-82FD-78E0132B536B}.Release|Mixed Platforms.ActiveCfg = Release|Any CPU
		{63CE1DEE-458D-47A3-82FD-78E0132B536B}.Release|Mixed Platforms.Build.0 = Release|Any CPU
		{63CE1DEE-458D-47A3-82FD-78E0132B536B}.Release|x64.ActiveCfg = Release|Any CPU
		{63CE1DEE-458D-47A3-82FD-78E0132B536B}.Release|x64.Build.0 = Release|Any CPU
		{63CE1DEE-458D-47A3-82FD-78E0132B536B}.Release|x86.ActiveCfg = Release|x86
		{63CE1DEE-458D-47A3-82FD-78E0132B536B}.Release|x86.Build.0 = Release|x86
		{0D49AF72-B20A-46C5-907D-BF550B4FCBA2}.Debug|.NET.ActiveCfg = Debug|Any CPU
		{0D49AF72-B20A-46C5-907D-BF550B4FCBA2}.Debug|.NET.Build.0 = Debug|Any CPU
		{0D49AF72-B20A-46C5-907D-BF550B4FCBA2}.Debug|Any CPU.ActiveCfg = Debug|Any CPU
		{0D49AF72-B20A-46C5-907D-BF550B4FCBA2}.Debug|Any CPU.Build.0 = Debug|Any CPU
		{0D49AF72-B20A-46C5-907D-BF550B4FCBA2}.Debug|Mixed Platforms.ActiveCfg = Debug|Any CPU
		{0D49AF72-B20A-46C5-907D-BF550B4FCBA2}.Debug|Mixed Platforms.Build.0 = Debug|Any CPU
		{0D49AF72-B20A-46C5-907D-BF550B4FCBA2}.Debug|x64.ActiveCfg = Debug|Any CPU
		{0D49AF72-B20A-46C5-907D-BF550B4FCBA2}.Debug|x64.Build.0 = Debug|Any CPU
		{0D49AF72-B20A-46C5-907D-BF550B4FCBA2}.Debug|x86.ActiveCfg = Debug|x86
		{0D49AF72-B20A-46C5-907D-BF550B4FCBA2}.Debug|x86.Build.0 = Debug|x86
		{0D49AF72-B20A-46C5-907D-BF550B4FCBA2}.Release|.NET.ActiveCfg = Release|Any CPU
		{0D49AF72-B20A-46C5-907D-BF550B4FCBA2}.Release|.NET.Build.0 = Release|Any CPU
		{0D49AF72-B20A-46C5-907D-BF550B4FCBA2}.Release|Any CPU.ActiveCfg = Release|Any CPU
		{0D49AF72-B20A-46C5-907D-BF550B4FCBA2}.Release|Any CPU.Build.0 = Release|Any CPU
		{0D49AF72-B20A-46C5-907D-BF550B4FCBA2}.Release|Mixed Platforms.ActiveCfg = Release|Any CPU
		{0D49AF72-B20A-46C5-907D-BF550B4FCBA2}.Release|Mixed Platforms.Build.0 = Release|Any CPU
		{0D49AF72-B20A-46C5-907D-BF550B4FCBA2}.Release|x64.ActiveCfg = Release|Any CPU
		{0D49AF72-B20A-46C5-907D-BF550B4FCBA2}.Release|x64.Build.0 = Release|Any CPU
		{0D49AF72-B20A-46C5-907D-BF550B4FCBA2}.Release|x86.ActiveCfg = Release|x86
		{0D49AF72-B20A-46C5-907D-BF550B4FCBA2}.Release|x86.Build.0 = Release|x86
	EndGlobalSection
	GlobalSection(SolutionProperties) = preSolution
		HideSolutionNode = FALSE
	EndGlobalSection
	GlobalSection(NestedProjects) = preSolution
		{4D72156D-9847-4257-B8F9-E154EB379CA3} = {1D297399-7C0A-46EA-A650-3668A9690773}
		{D2B8DB3E-9AE4-4568-851B-CF8F030785C4} = {5D92CF20-0870-45B1-997A-2FA0AFDC1C8B}
		{A4A21CD0-3F23-4BE8-A859-9778CD5F6DE7} = {5D92CF20-0870-45B1-997A-2FA0AFDC1C8B}
		{A1AB6724-A8E0-4064-8F51-49BFB8EB8B31} = {5D92CF20-0870-45B1-997A-2FA0AFDC1C8B}
		{30B8E255-BB43-4F43-8DD1-387988E33AF3} = {5D92CF20-0870-45B1-997A-2FA0AFDC1C8B}
		{D35F44EC-B3C4-48DF-9BEC-76DA023B393A} = {1D297399-7C0A-46EA-A650-3668A9690773}
		{929DE55D-69B6-41CF-BBEB-12230210DAF3} = {5D92CF20-0870-45B1-997A-2FA0AFDC1C8B}
		{C4AB026E-B1E2-4D1E-A857-4CA29BAA9981} = {5D92CF20-0870-45B1-997A-2FA0AFDC1C8B}
		{CBC94D98-6C8E-476A-BEB9-F5C651752886} = {2C78237A-45CE-46C6-94BA-773DB6E76F2E}
		{83FD60F3-1ED1-4B21-8ADF-BD7A055B0420} = {2C78237A-45CE-46C6-94BA-773DB6E76F2E}
		{7B201AA5-E88E-45EA-94E9-117A2F44167B} = {2C78237A-45CE-46C6-94BA-773DB6E76F2E}
		{885875BF-3E90-4B06-B1FB-A7883E54E391} = {5D92CF20-0870-45B1-997A-2FA0AFDC1C8B}
		{3D14EDE7-3B64-40AF-A2B1-AD1A43AF355F} = {86DBEEC9-7A4C-42F9-B942-54C42126487F}
		{82D3535C-4F99-4F9B-B576-743961EA20C3} = {5D92CF20-0870-45B1-997A-2FA0AFDC1C8B}
		{B4C396C2-B65C-40B2-AD14-E8BD441240E3} = {7BD21E32-2FFF-4698-9150-C85725A5A0E6}
		{5786158C-19CC-4C3F-A19E-9F8948F9F69A} = {1D297399-7C0A-46EA-A650-3668A9690773}
		{74CC04E6-AFFF-4266-B203-5741EA08B5BA} = {AFC2728B-7A95-4E11-BC09-FB5637D8178E}
		{39F2A27E-907F-46D3-B4E2-CB1CB5D716CA} = {74CC04E6-AFFF-4266-B203-5741EA08B5BA}
		{1C1C13A1-3BD3-43A4-8AF0-B0DB7E0E2AE9} = {AFC2728B-7A95-4E11-BC09-FB5637D8178E}
		{489F2820-4410-41D4-8C96-4F96CB707D57} = {1C1C13A1-3BD3-43A4-8AF0-B0DB7E0E2AE9}
		{774D87AF-4EA6-4A9F-8CD6-066465D770AF} = {1C1C13A1-3BD3-43A4-8AF0-B0DB7E0E2AE9}
		{C8641177-A9A2-4D02-839B-74DFBD67DEBB} = {1D297399-7C0A-46EA-A650-3668A9690773}
		{56C0D819-F3ED-48CE-8F1F-07E415103F46} = {5D92CF20-0870-45B1-997A-2FA0AFDC1C8B}
		{9A0BD8FE-D6F6-4CE5-9A0B-877610B00DEB} = {5D92CF20-0870-45B1-997A-2FA0AFDC1C8B}
		{94EE8D6C-5C52-4F34-9E61-E407B3240004} = {5D92CF20-0870-45B1-997A-2FA0AFDC1C8B}
		{7A467241-C0C8-43D0-AE5B-22C606CB0CCF} = {AFC2728B-7A95-4E11-BC09-FB5637D8178E}
		{5A8877C6-D2C0-4561-BA59-7DD8384A9739} = {86DBEEC9-7A4C-42F9-B942-54C42126487F}
		{4937B123-E6BC-43CE-B1B6-2280043DD805} = {2C78237A-45CE-46C6-94BA-773DB6E76F2E}
		{A6404E9F-04C3-4FD7-BFAB-D20E8F6EFC24} = {86DBEEC9-7A4C-42F9-B942-54C42126487F}
		{89778C32-88CE-47FD-8B2B-95D7CE190442} = {AFC2728B-7A95-4E11-BC09-FB5637D8178E}
		{4EAED194-88C5-4EFB-AC35-81253AE840B6} = {89778C32-88CE-47FD-8B2B-95D7CE190442}
		{94E44CD4-2724-4F3B-9A61-CC9B4CB11E14} = {4FA3288C-482C-4E4D-8EEA-F4611872247A}
		{3A73DC63-3314-41E3-BFA7-91A99071BAA3} = {AFC2728B-7A95-4E11-BC09-FB5637D8178E}
		{779FEA83-52C4-4C6D-9E8F-9B608F8512E1} = {A3A1E34E-4268-43CF-BB25-2F11E3E7805A}
		{933F46A9-0927-4512-B7B4-338B369BAF08} = {779FEA83-52C4-4C6D-9E8F-9B608F8512E1}
		{2A319AA1-BC73-490D-B171-5F9B8B535E62} = {779FEA83-52C4-4C6D-9E8F-9B608F8512E1}
		{7D5BAC2A-E051-4065-8C16-049625B809D5} = {779FEA83-52C4-4C6D-9E8F-9B608F8512E1}
		{F51D5EB6-D1C4-417A-9416-5330BF81CCFE} = {779FEA83-52C4-4C6D-9E8F-9B608F8512E1}
		{9F3E79D7-4333-47BD-B59A-369898A4EE86} = {A3A1E34E-4268-43CF-BB25-2F11E3E7805A}
		{7461991C-32B3-44DE-A984-C7B7370D6B99} = {9F3E79D7-4333-47BD-B59A-369898A4EE86}
		{A5B3E6B4-1004-40C1-B9F2-FA1EB58A8E86} = {A3A1E34E-4268-43CF-BB25-2F11E3E7805A}
		{D08C5E1C-4A35-4190-BF1B-B1C7EE3BCB1B} = {4FA3288C-482C-4E4D-8EEA-F4611872247A}
		{C9B7022E-528B-461B-A4D8-70A63DEB10A2} = {5ACFFCD6-FA1D-43A9-A57D-328AE90EB19B}
		{5ACFFCD6-FA1D-43A9-A57D-328AE90EB19B} = {AFC2728B-7A95-4E11-BC09-FB5637D8178E}
		{63CE1DEE-458D-47A3-82FD-78E0132B536B} = {5D92CF20-0870-45B1-997A-2FA0AFDC1C8B}
		{0D49AF72-B20A-46C5-907D-BF550B4FCBA2} = {2C78237A-45CE-46C6-94BA-773DB6E76F2E}
	EndGlobalSection
	GlobalSection(ExtensibilityGlobals) = postSolution
		SolutionGuid = {DB6B90C9-C6C7-4BA2-BB97-02919F08FFFC}
	EndGlobalSection
	GlobalSection(Performance) = preSolution
		HasPerformanceSessions = true
	EndGlobalSection
	GlobalSection(Performance) = preSolution
		HasPerformanceSessions = true
	EndGlobalSection
	GlobalSection(TestCaseManagementSettings) = postSolution
		CategoryFile = Cito.TestBuilder.vsmdi
	EndGlobalSection
	GlobalSection(TextTemplating) = postSolution
		TextTemplating = 1
	EndGlobalSection
EndGlobal
